// !$*UTF8*$!
{
	archiveVersion = 1;
	classes = {
	};
	objectVersion = 54;
	objects = {

/* Begin PBXBuildFile section */
		00E356F31AD99517003FC87E /* CozyReactNativeTests.m in Sources */ = {isa = PBXBuildFile; fileRef = 00E356F21AD99517003FC87E /* CozyReactNativeTests.m */; };
		13B07FBC1A68108700A75B9A /* AppDelegate.m in Sources */ = {isa = PBXBuildFile; fileRef = 13B07FB01A68108700A75B9A /* AppDelegate.m */; };
		13B07FBF1A68108700A75B9A /* Images.xcassets in Resources */ = {isa = PBXBuildFile; fileRef = 13B07FB51A68108700A75B9A /* Images.xcassets */; };
		13B07FC11A68108700A75B9A /* main.m in Sources */ = {isa = PBXBuildFile; fileRef = 13B07FB71A68108700A75B9A /* main.m */; };
		162E2561D1F79143AC69FDE4 /* PrivacyInfo.xcprivacy in Resources */ = {isa = PBXBuildFile; fileRef = 52EEB447A7E47913D3A59CC3 /* PrivacyInfo.xcprivacy */; };
		1787FB853A76872C4D38807A /* libPods-CozyReactNative-CozyReactNativeTests.a in Frameworks */ = {isa = PBXBuildFile; fileRef = 79D616F87DFFDD069B1F634E /* libPods-CozyReactNative-CozyReactNativeTests.a */; };
		293A69ED340EB757BFB282D0 /* libPods-CozyReactNative.a in Frameworks */ = {isa = PBXBuildFile; fileRef = CA875020D8BE788449DD47FC /* libPods-CozyReactNative.a */; };
		2C7AA45328157D2E0052F4D8 /* HttpServer.swift in Sources */ = {isa = PBXBuildFile; fileRef = 2C7AA45228157D2E0052F4D8 /* HttpServer.swift */; };
		2C7AA455281584D30052F4D8 /* HttpServer.m in Sources */ = {isa = PBXBuildFile; fileRef = 2C7AA454281584D30052F4D8 /* HttpServer.m */; };
		573255ED23C142D79968C840 /* Lato-Bold.ttf in Resources */ = {isa = PBXBuildFile; fileRef = FB7AC79E047043178F1289F7 /* Lato-Bold.ttf */; };
		643009FE24043073DD6A15DE /* libPods-CozyReactNative.a in Frameworks */ = {isa = PBXBuildFile; fileRef = CA875020D8BE788449DD47FC /* libPods-CozyReactNative.a */; };
		6B8CB25C2807246700E1F390 /* assets in Resources */ = {isa = PBXBuildFile; fileRef = 6B8CB25B2807246700E1F390 /* assets */; };
		7585C5DE689CEA1E2E42E533 /* PrivacyInfo.xcprivacy in Resources */ = {isa = PBXBuildFile; fileRef = 3CE32CEBBEE23FC6729A5918 /* PrivacyInfo.xcprivacy */; };
		81AB9BB82411601600AC10FF /* LaunchScreen.storyboard in Resources */ = {isa = PBXBuildFile; fileRef = 81AB9BB72411601600AC10FF /* LaunchScreen.storyboard */; };
		94BEBCC36EFC4F1DDD8E6E50 /* libPods-CozyReactNative-CozyReactNativeDev.a in Frameworks */ = {isa = PBXBuildFile; fileRef = 2A6C35B4CE552A45F0087FDE /* libPods-CozyReactNative-CozyReactNativeDev.a */; };
		997B98B22769CFD100089037 /* BootSplash.storyboard in Resources */ = {isa = PBXBuildFile; fileRef = 997B98B12769CFD100089037 /* BootSplash.storyboard */; };
		A98E5EB52A8CC8EF00CAC55D /* ShareViewController.swift in Sources */ = {isa = PBXBuildFile; fileRef = A98E5EB42A8CC8EF00CAC55D /* ShareViewController.swift */; };
		A98E5EB82A8CC8EF00CAC55D /* MainInterface.storyboard in Resources */ = {isa = PBXBuildFile; fileRef = A98E5EB62A8CC8EF00CAC55D /* MainInterface.storyboard */; };
		A98E5EBC2A8CC8EF00CAC55D /* CozyShare.appex in Embed Foundation Extensions */ = {isa = PBXBuildFile; fileRef = A98E5EB22A8CC8EF00CAC55D /* CozyShare.appex */; settings = {ATTRIBUTES = (RemoveHeadersOnCopy, ); }; };
		E4924AAA29963CAD00F415CE /* AppDelegate.m in Sources */ = {isa = PBXBuildFile; fileRef = 13B07FB01A68108700A75B9A /* AppDelegate.m */; };
		E4924AAB29963CAD00F415CE /* main.m in Sources */ = {isa = PBXBuildFile; fileRef = 13B07FB71A68108700A75B9A /* main.m */; };
		E4924AAC29963CAD00F415CE /* HttpServer.m in Sources */ = {isa = PBXBuildFile; fileRef = 2C7AA454281584D30052F4D8 /* HttpServer.m */; };
		E4924AAD29963CAD00F415CE /* HttpServer.swift in Sources */ = {isa = PBXBuildFile; fileRef = 2C7AA45228157D2E0052F4D8 /* HttpServer.swift */; };
		E4924AB129963CAD00F415CE /* BootSplash.storyboard in Resources */ = {isa = PBXBuildFile; fileRef = 997B98B12769CFD100089037 /* BootSplash.storyboard */; };
		E4924AB229963CAD00F415CE /* assets in Resources */ = {isa = PBXBuildFile; fileRef = 6B8CB25B2807246700E1F390 /* assets */; };
		E4924AB329963CAD00F415CE /* LaunchScreen.storyboard in Resources */ = {isa = PBXBuildFile; fileRef = 81AB9BB72411601600AC10FF /* LaunchScreen.storyboard */; };
		E4924AB429963CAD00F415CE /* Images.xcassets in Resources */ = {isa = PBXBuildFile; fileRef = 13B07FB51A68108700A75B9A /* Images.xcassets */; };
		E4924AB529963CAD00F415CE /* Lato-Bold.ttf in Resources */ = {isa = PBXBuildFile; fileRef = FB7AC79E047043178F1289F7 /* Lato-Bold.ttf */; };
		E4924AB629963CAD00F415CE /* Lato-Regular.ttf in Resources */ = {isa = PBXBuildFile; fileRef = A0572B798A7D41908174A427 /* Lato-Regular.ttf */; };
		E4924AC12996437D00F415CE /* GoogleService-Info.plist in Resources */ = {isa = PBXBuildFile; fileRef = E4924AC02996437D00F415CE /* GoogleService-Info.plist */; };
		E4924AC32996438600F415CE /* GoogleService-Info.plist in Resources */ = {isa = PBXBuildFile; fileRef = E4924AC22996438600F415CE /* GoogleService-Info.plist */; };
		E4F8716029DDEC1E00C52A35 /* base@2x.png in Resources */ = {isa = PBXBuildFile; fileRef = E4F8715C29DDEC1E00C52A35 /* base@2x.png */; };
		E4F8716129DDEC1E00C52A35 /* base@2x.png in Resources */ = {isa = PBXBuildFile; fileRef = E4F8715C29DDEC1E00C52A35 /* base@2x.png */; };
		E4F8716229DDEC1E00C52A35 /* mespapiers@2x.png in Resources */ = {isa = PBXBuildFile; fileRef = E4F8715D29DDEC1E00C52A35 /* mespapiers@2x.png */; };
		E4F8716329DDEC1E00C52A35 /* mespapiers@2x.png in Resources */ = {isa = PBXBuildFile; fileRef = E4F8715D29DDEC1E00C52A35 /* mespapiers@2x.png */; };
		E4F8716429DDEC1E00C52A35 /* mespapiers@3x.png in Resources */ = {isa = PBXBuildFile; fileRef = E4F8715E29DDEC1E00C52A35 /* mespapiers@3x.png */; };
		E4F8716529DDEC1E00C52A35 /* mespapiers@3x.png in Resources */ = {isa = PBXBuildFile; fileRef = E4F8715E29DDEC1E00C52A35 /* mespapiers@3x.png */; };
		E4F8716629DDEC1E00C52A35 /* base@3x.png in Resources */ = {isa = PBXBuildFile; fileRef = E4F8715F29DDEC1E00C52A35 /* base@3x.png */; };
		E4F8716729DDEC1E00C52A35 /* base@3x.png in Resources */ = {isa = PBXBuildFile; fileRef = E4F8715F29DDEC1E00C52A35 /* base@3x.png */; };
		F3B83720E44641879E6927C6 /* Lato-Regular.ttf in Resources */ = {isa = PBXBuildFile; fileRef = A0572B798A7D41908174A427 /* Lato-Regular.ttf */; };
		92832EDB00FF4C2EAD9F811A /* Inter-Bold.ttf in Resources */ = {isa = PBXBuildFile; fileRef = 90B0EC53D3AE4171BBD95A6D /* Inter-Bold.ttf */; };
		ACA0A767CBF24490B0ED8EC2 /* Inter-Regular.ttf in Resources */ = {isa = PBXBuildFile; fileRef = 5680E07156234AC2874D356F /* Inter-Regular.ttf */; };
/* End PBXBuildFile section */

/* Begin PBXContainerItemProxy section */
		00E356F41AD99517003FC87E /* PBXContainerItemProxy */ = {
			isa = PBXContainerItemProxy;
			containerPortal = 83CBB9F71A601CBA00E9B192 /* Project object */;
			proxyType = 1;
			remoteGlobalIDString = 13B07F861A680F5B00A75B9A;
			remoteInfo = CozyReactNative;
		};
		A98E5EBA2A8CC8EF00CAC55D /* PBXContainerItemProxy */ = {
			isa = PBXContainerItemProxy;
			containerPortal = 83CBB9F71A601CBA00E9B192 /* Project object */;
			proxyType = 1;
			remoteGlobalIDString = A98E5EB12A8CC8EF00CAC55D;
			remoteInfo = CozyShare;
		};
/* End PBXContainerItemProxy section */

/* Begin PBXCopyFilesBuildPhase section */
		A98E5EA92A8CC1AB00CAC55D /* Embed Foundation Extensions */ = {
			isa = PBXCopyFilesBuildPhase;
			buildActionMask = 2147483647;
			dstPath = "";
			dstSubfolderSpec = 13;
			files = (
				A98E5EBC2A8CC8EF00CAC55D /* CozyShare.appex in Embed Foundation Extensions */,
			);
			name = "Embed Foundation Extensions";
			runOnlyForDeploymentPostprocessing = 0;
		};
/* End PBXCopyFilesBuildPhase section */

/* Begin PBXFileReference section */
		00323DA8D6BE49D2BE5C238B /* Lato-Bold.woff */ = {isa = PBXFileReference; explicitFileType = undefined; fileEncoding = 9; includeInIndex = 0; lastKnownFileType = unknown; name = "Lato-Bold.woff"; path = "../assets/fonts/Lato-Bold.woff"; sourceTree = "<group>"; };
		00E356EE1AD99517003FC87E /* CozyReactNativeTests.xctest */ = {isa = PBXFileReference; explicitFileType = wrapper.cfbundle; includeInIndex = 0; path = CozyReactNativeTests.xctest; sourceTree = BUILT_PRODUCTS_DIR; };
		00E356F11AD99517003FC87E /* Info.plist */ = {isa = PBXFileReference; lastKnownFileType = text.plist.xml; path = Info.plist; sourceTree = "<group>"; };
		00E356F21AD99517003FC87E /* CozyReactNativeTests.m */ = {isa = PBXFileReference; lastKnownFileType = sourcecode.c.objc; path = CozyReactNativeTests.m; sourceTree = "<group>"; };
		13B07F961A680F5B00A75B9A /* CozyReactNative.app */ = {isa = PBXFileReference; explicitFileType = wrapper.application; includeInIndex = 0; path = CozyReactNative.app; sourceTree = BUILT_PRODUCTS_DIR; };
		13B07FAF1A68108700A75B9A /* AppDelegate.h */ = {isa = PBXFileReference; fileEncoding = 4; lastKnownFileType = sourcecode.c.h; name = AppDelegate.h; path = CozyReactNative/AppDelegate.h; sourceTree = "<group>"; };
		13B07FB01A68108700A75B9A /* AppDelegate.m */ = {isa = PBXFileReference; fileEncoding = 4; lastKnownFileType = sourcecode.c.objc; name = AppDelegate.m; path = CozyReactNative/AppDelegate.m; sourceTree = "<group>"; };
		13B07FB51A68108700A75B9A /* Images.xcassets */ = {isa = PBXFileReference; lastKnownFileType = folder.assetcatalog; name = Images.xcassets; path = CozyReactNative/Images.xcassets; sourceTree = "<group>"; };
		13B07FB61A68108700A75B9A /* Info.plist */ = {isa = PBXFileReference; fileEncoding = 4; lastKnownFileType = text.plist.xml; name = Info.plist; path = CozyReactNative/Info.plist; sourceTree = "<group>"; };
		13B07FB71A68108700A75B9A /* main.m */ = {isa = PBXFileReference; fileEncoding = 4; lastKnownFileType = sourcecode.c.objc; name = main.m; path = CozyReactNative/main.m; sourceTree = "<group>"; };
		2161F5FB1C88F7A96C55ED73 /* Pods-CozyReactNative.debug.xcconfig */ = {isa = PBXFileReference; includeInIndex = 1; lastKnownFileType = text.xcconfig; name = "Pods-CozyReactNative.debug.xcconfig"; path = "Target Support Files/Pods-CozyReactNative/Pods-CozyReactNative.debug.xcconfig"; sourceTree = "<group>"; };
		2A6C35B4CE552A45F0087FDE /* libPods-CozyReactNative-CozyReactNativeDev.a */ = {isa = PBXFileReference; explicitFileType = archive.ar; includeInIndex = 0; path = "libPods-CozyReactNative-CozyReactNativeDev.a"; sourceTree = BUILT_PRODUCTS_DIR; };
		2C7AA45128157D2D0052F4D8 /* CozyReactNative-Bridging-Header.h */ = {isa = PBXFileReference; lastKnownFileType = sourcecode.c.h; path = "CozyReactNative-Bridging-Header.h"; sourceTree = "<group>"; };
		2C7AA45228157D2E0052F4D8 /* HttpServer.swift */ = {isa = PBXFileReference; lastKnownFileType = sourcecode.swift; path = HttpServer.swift; sourceTree = "<group>"; };
		2C7AA454281584D30052F4D8 /* HttpServer.m */ = {isa = PBXFileReference; lastKnownFileType = sourcecode.c.objc; path = HttpServer.m; sourceTree = "<group>"; };
		3CE32CEBBEE23FC6729A5918 /* PrivacyInfo.xcprivacy */ = {isa = PBXFileReference; includeInIndex = 1; lastKnownFileType = text.xml; name = PrivacyInfo.xcprivacy; path = CozyReactNative/PrivacyInfo.xcprivacy; sourceTree = "<group>"; };
		52EEB447A7E47913D3A59CC3 /* PrivacyInfo.xcprivacy */ = {isa = PBXFileReference; includeInIndex = 1; lastKnownFileType = text.xml; name = PrivacyInfo.xcprivacy; path = CozyReactNative/PrivacyInfo.xcprivacy; sourceTree = "<group>"; };
		6B8CB25B2807246700E1F390 /* assets */ = {isa = PBXFileReference; lastKnownFileType = folder; path = assets; sourceTree = "<group>"; };
		79997E63AEB566EB66642538 /* Pods-CozyReactNative-CozyReactNativeDev.release.xcconfig */ = {isa = PBXFileReference; includeInIndex = 1; lastKnownFileType = text.xcconfig; name = "Pods-CozyReactNative-CozyReactNativeDev.release.xcconfig"; path = "Target Support Files/Pods-CozyReactNative-CozyReactNativeDev/Pods-CozyReactNative-CozyReactNativeDev.release.xcconfig"; sourceTree = "<group>"; };
		79D616F87DFFDD069B1F634E /* libPods-CozyReactNative-CozyReactNativeTests.a */ = {isa = PBXFileReference; explicitFileType = archive.ar; includeInIndex = 0; path = "libPods-CozyReactNative-CozyReactNativeTests.a"; sourceTree = BUILT_PRODUCTS_DIR; };
		81AB9BB72411601600AC10FF /* LaunchScreen.storyboard */ = {isa = PBXFileReference; fileEncoding = 4; lastKnownFileType = file.storyboard; name = LaunchScreen.storyboard; path = CozyReactNative/LaunchScreen.storyboard; sourceTree = "<group>"; };
		997B98B12769CFD100089037 /* BootSplash.storyboard */ = {isa = PBXFileReference; fileEncoding = 4; lastKnownFileType = file.storyboard; name = BootSplash.storyboard; path = CozyReactNative/BootSplash.storyboard; sourceTree = "<group>"; };
		99A26C682632A5AC00365D30 /* CozyReactNative.entitlements */ = {isa = PBXFileReference; lastKnownFileType = text.plist.entitlements; name = CozyReactNative.entitlements; path = CozyReactNative/CozyReactNative.entitlements; sourceTree = "<group>"; };
		9A8507EB61A9895B473A06A3 /* Pods-CozyReactNative.release.xcconfig */ = {isa = PBXFileReference; includeInIndex = 1; lastKnownFileType = text.xcconfig; name = "Pods-CozyReactNative.release.xcconfig"; path = "Target Support Files/Pods-CozyReactNative/Pods-CozyReactNative.release.xcconfig"; sourceTree = "<group>"; };
		9F5886BEE4526A9676E4D592 /* Pods-CozyReactNative-CozyReactNativeTests.debug.xcconfig */ = {isa = PBXFileReference; includeInIndex = 1; lastKnownFileType = text.xcconfig; name = "Pods-CozyReactNative-CozyReactNativeTests.debug.xcconfig"; path = "Target Support Files/Pods-CozyReactNative-CozyReactNativeTests/Pods-CozyReactNative-CozyReactNativeTests.debug.xcconfig"; sourceTree = "<group>"; };
		A0572B798A7D41908174A427 /* Lato-Regular.ttf */ = {isa = PBXFileReference; explicitFileType = undefined; fileEncoding = 9; includeInIndex = 0; lastKnownFileType = unknown; name = "Lato-Regular.ttf"; path = "../assets/fonts/Lato-Regular.ttf"; sourceTree = "<group>"; };
		A94CD3A62A8CD1A700A5DA84 /* ShareViewController.swift */ = {isa = PBXFileReference; lastKnownFileType = sourcecode.swift; path = ShareViewController.swift; sourceTree = "<group>"; };
		A94CD3A92A8CD1A700A5DA84 /* Base */ = {isa = PBXFileReference; lastKnownFileType = file.storyboard; name = Base; path = Base.lproj/MainInterface.storyboard; sourceTree = "<group>"; };
		A94CD3AB2A8CD1A700A5DA84 /* Info.plist */ = {isa = PBXFileReference; lastKnownFileType = text.plist.xml; path = Info.plist; sourceTree = "<group>"; };
		A98E5EB22A8CC8EF00CAC55D /* CozyShare.appex */ = {isa = PBXFileReference; explicitFileType = "wrapper.app-extension"; includeInIndex = 0; path = CozyShare.appex; sourceTree = BUILT_PRODUCTS_DIR; };
		A98E5EB42A8CC8EF00CAC55D /* ShareViewController.swift */ = {isa = PBXFileReference; lastKnownFileType = sourcecode.swift; path = ShareViewController.swift; sourceTree = "<group>"; };
		A98E5EB72A8CC8EF00CAC55D /* Base */ = {isa = PBXFileReference; lastKnownFileType = file.storyboard; name = Base; path = Base.lproj/MainInterface.storyboard; sourceTree = "<group>"; };
		A98E5EB92A8CC8EF00CAC55D /* Info.plist */ = {isa = PBXFileReference; lastKnownFileType = text.plist.xml; path = Info.plist; sourceTree = "<group>"; };
		BF90BB6E53007BE49D4888CA /* Pods-CozyReactNative-CozyReactNativeTests.release.xcconfig */ = {isa = PBXFileReference; includeInIndex = 1; lastKnownFileType = text.xcconfig; name = "Pods-CozyReactNative-CozyReactNativeTests.release.xcconfig"; path = "Target Support Files/Pods-CozyReactNative-CozyReactNativeTests/Pods-CozyReactNative-CozyReactNativeTests.release.xcconfig"; sourceTree = "<group>"; };
		CA875020D8BE788449DD47FC /* libPods-CozyReactNative.a */ = {isa = PBXFileReference; explicitFileType = archive.ar; includeInIndex = 0; path = "libPods-CozyReactNative.a"; sourceTree = BUILT_PRODUCTS_DIR; };
		D6FD94648F224F6683FD0C85 /* Lato-Regular.woff */ = {isa = PBXFileReference; explicitFileType = undefined; fileEncoding = 9; includeInIndex = 0; lastKnownFileType = unknown; name = "Lato-Regular.woff"; path = "../assets/fonts/Lato-Regular.woff"; sourceTree = "<group>"; };
		DB7507DF32C8AE85CC054D7E /* Pods-CozyReactNative-CozyReactNativeDev.debug.xcconfig */ = {isa = PBXFileReference; includeInIndex = 1; lastKnownFileType = text.xcconfig; name = "Pods-CozyReactNative-CozyReactNativeDev.debug.xcconfig"; path = "Target Support Files/Pods-CozyReactNative-CozyReactNativeDev/Pods-CozyReactNative-CozyReactNativeDev.debug.xcconfig"; sourceTree = "<group>"; };
		DF93CAAA2160427F9BC16935 /* Lato-Bold.woff2 */ = {isa = PBXFileReference; explicitFileType = undefined; fileEncoding = 9; includeInIndex = 0; lastKnownFileType = unknown; name = "Lato-Bold.woff2"; path = "../assets/fonts/Lato-Bold.woff2"; sourceTree = "<group>"; };
		E4924ABE29963CAD00F415CE /* CozyReactNativeDev.app */ = {isa = PBXFileReference; explicitFileType = wrapper.application; includeInIndex = 0; path = CozyReactNativeDev.app; sourceTree = BUILT_PRODUCTS_DIR; };
		E4924ABF29963CAD00F415CE /* CozyReactNativeDev-Info.plist */ = {isa = PBXFileReference; lastKnownFileType = text.plist.xml; name = "CozyReactNativeDev-Info.plist"; path = "/Users/theo/cozy/cozy-flagship-app/ios/CozyReactNativeDev-Info.plist"; sourceTree = "<absolute>"; };
		E4924AC02996437D00F415CE /* GoogleService-Info.plist */ = {isa = PBXFileReference; fileEncoding = 4; lastKnownFileType = text.plist.xml; name = "GoogleService-Info.plist"; path = "Dev/GoogleService-Info.plist"; sourceTree = "<group>"; };
		E4924AC22996438600F415CE /* GoogleService-Info.plist */ = {isa = PBXFileReference; fileEncoding = 4; lastKnownFileType = text.plist.xml; name = "GoogleService-Info.plist"; path = "Prod/GoogleService-Info.plist"; sourceTree = "<group>"; };
		E4F8715C29DDEC1E00C52A35 /* base@2x.png */ = {isa = PBXFileReference; lastKnownFileType = image.png; path = "base@2x.png"; sourceTree = "<group>"; };
		E4F8715D29DDEC1E00C52A35 /* mespapiers@2x.png */ = {isa = PBXFileReference; lastKnownFileType = image.png; path = "mespapiers@2x.png"; sourceTree = "<group>"; };
		E4F8715E29DDEC1E00C52A35 /* mespapiers@3x.png */ = {isa = PBXFileReference; lastKnownFileType = image.png; path = "mespapiers@3x.png"; sourceTree = "<group>"; };
		E4F8715F29DDEC1E00C52A35 /* base@3x.png */ = {isa = PBXFileReference; lastKnownFileType = image.png; path = "base@3x.png"; sourceTree = "<group>"; };
		EBA740E658AB4C90BED7F6D9 /* Lato-Regular.woff2 */ = {isa = PBXFileReference; explicitFileType = undefined; fileEncoding = 9; includeInIndex = 0; lastKnownFileType = unknown; name = "Lato-Regular.woff2"; path = "../assets/fonts/Lato-Regular.woff2"; sourceTree = "<group>"; };
		ED297162215061F000B7C4FE /* JavaScriptCore.framework */ = {isa = PBXFileReference; lastKnownFileType = wrapper.framework; name = JavaScriptCore.framework; path = System/Library/Frameworks/JavaScriptCore.framework; sourceTree = SDKROOT; };
		FB7AC79E047043178F1289F7 /* Lato-Bold.ttf */ = {isa = PBXFileReference; explicitFileType = undefined; fileEncoding = 9; includeInIndex = 0; lastKnownFileType = unknown; name = "Lato-Bold.ttf"; path = "../assets/fonts/Lato-Bold.ttf"; sourceTree = "<group>"; };
		90B0EC53D3AE4171BBD95A6D /* Inter-Bold.ttf */ = {isa = PBXFileReference; name = "Inter-Bold.ttf"; path = "../assets/fonts/Inter-Bold.ttf"; sourceTree = "<group>"; fileEncoding = undefined; lastKnownFileType = unknown; explicitFileType = undefined; includeInIndex = 0; };
		5680E07156234AC2874D356F /* Inter-Regular.ttf */ = {isa = PBXFileReference; name = "Inter-Regular.ttf"; path = "../assets/fonts/Inter-Regular.ttf"; sourceTree = "<group>"; fileEncoding = undefined; lastKnownFileType = unknown; explicitFileType = undefined; includeInIndex = 0; };
/* End PBXFileReference section */

/* Begin PBXFrameworksBuildPhase section */
		00E356EB1AD99517003FC87E /* Frameworks */ = {
			isa = PBXFrameworksBuildPhase;
			buildActionMask = 2147483647;
			files = (
				1787FB853A76872C4D38807A /* libPods-CozyReactNative-CozyReactNativeTests.a in Frameworks */,
			);
			runOnlyForDeploymentPostprocessing = 0;
		};
		13B07F8C1A680F5B00A75B9A /* Frameworks */ = {
			isa = PBXFrameworksBuildPhase;
			buildActionMask = 2147483647;
			files = (
				643009FE24043073DD6A15DE /* libPods-CozyReactNative.a in Frameworks */,
				293A69ED340EB757BFB282D0 /* libPods-CozyReactNative.a in Frameworks */,
			);
			runOnlyForDeploymentPostprocessing = 0;
		};
		A98E5EAF2A8CC8EF00CAC55D /* Frameworks */ = {
			isa = PBXFrameworksBuildPhase;
			buildActionMask = 2147483647;
			files = (
			);
			runOnlyForDeploymentPostprocessing = 0;
		};
		E4924AAE29963CAD00F415CE /* Frameworks */ = {
			isa = PBXFrameworksBuildPhase;
			buildActionMask = 2147483647;
			files = (
				94BEBCC36EFC4F1DDD8E6E50 /* libPods-CozyReactNative-CozyReactNativeDev.a in Frameworks */,
			);
			runOnlyForDeploymentPostprocessing = 0;
		};
/* End PBXFrameworksBuildPhase section */

/* Begin PBXGroup section */
		00E356EF1AD99517003FC87E /* CozyReactNativeTests */ = {
			isa = PBXGroup;
			children = (
				00E356F21AD99517003FC87E /* CozyReactNativeTests.m */,
				00E356F01AD99517003FC87E /* Supporting Files */,
			);
			path = CozyReactNativeTests;
			sourceTree = "<group>";
		};
		00E356F01AD99517003FC87E /* Supporting Files */ = {
			isa = PBXGroup;
			children = (
				00E356F11AD99517003FC87E /* Info.plist */,
			);
			name = "Supporting Files";
			sourceTree = "<group>";
		};
		13B07FAE1A68108700A75B9A /* CozyReactNative */ = {
			isa = PBXGroup;
			children = (
				E4F8715B29DDEB6C00C52A35 /* AppIcons */,
				6B8CB25B2807246700E1F390 /* assets */,
				2C7AA45028157D130052F4D8 /* HttpServer */,
				99A26C682632A5AC00365D30 /* CozyReactNative.entitlements */,
				13B07FAF1A68108700A75B9A /* AppDelegate.h */,
				2C7AA45128157D2D0052F4D8 /* CozyReactNative-Bridging-Header.h */,
				13B07FB01A68108700A75B9A /* AppDelegate.m */,
				13B07FB51A68108700A75B9A /* Images.xcassets */,
				13B07FB61A68108700A75B9A /* Info.plist */,
				81AB9BB72411601600AC10FF /* LaunchScreen.storyboard */,
				13B07FB71A68108700A75B9A /* main.m */,
				997B98B12769CFD100089037 /* BootSplash.storyboard */,
				3CE32CEBBEE23FC6729A5918 /* PrivacyInfo.xcprivacy */,
			);
			name = CozyReactNative;
			sourceTree = "<group>";
		};
		2C7AA45028157D130052F4D8 /* HttpServer */ = {
			isa = PBXGroup;
			children = (
				2C7AA45228157D2E0052F4D8 /* HttpServer.swift */,
				2C7AA454281584D30052F4D8 /* HttpServer.m */,
			);
			path = HttpServer;
			sourceTree = "<group>";
		};
		2D16E6871FA4F8E400B85C8A /* Frameworks */ = {
			isa = PBXGroup;
			children = (
				ED297162215061F000B7C4FE /* JavaScriptCore.framework */,
				CA875020D8BE788449DD47FC /* libPods-CozyReactNative.a */,
				79D616F87DFFDD069B1F634E /* libPods-CozyReactNative-CozyReactNativeTests.a */,
				2A6C35B4CE552A45F0087FDE /* libPods-CozyReactNative-CozyReactNativeDev.a */,
			);
			name = Frameworks;
			sourceTree = "<group>";
		};
		832341AE1AAA6A7D00B99B32 /* Libraries */ = {
			isa = PBXGroup;
			children = (
			);
			name = Libraries;
			sourceTree = "<group>";
		};
		83CBB9F61A601CBA00E9B192 = {
			isa = PBXGroup;
			children = (
				E4924AC02996437D00F415CE /* GoogleService-Info.plist */,
				E4924AC22996438600F415CE /* GoogleService-Info.plist */,
				13B07FAE1A68108700A75B9A /* CozyReactNative */,
				832341AE1AAA6A7D00B99B32 /* Libraries */,
				00E356EF1AD99517003FC87E /* CozyReactNativeTests */,
				A98E5EB32A8CC8EF00CAC55D /* CozyShare */,
				A94CD3A52A8CD1A700A5DA84 /* aza */,
				83CBBA001A601CBA00E9B192 /* Products */,
				2D16E6871FA4F8E400B85C8A /* Frameworks */,
				CDA0EE31E7D3E42F21731B64 /* Pods */,
				E53BDF67B72C4FB3901AA686 /* Resources */,
				E4924ABF29963CAD00F415CE /* CozyReactNativeDev-Info.plist */,
				52EEB447A7E47913D3A59CC3 /* PrivacyInfo.xcprivacy */,
			);
			indentWidth = 2;
			sourceTree = "<group>";
			tabWidth = 2;
			usesTabs = 0;
		};
		83CBBA001A601CBA00E9B192 /* Products */ = {
			isa = PBXGroup;
			children = (
				13B07F961A680F5B00A75B9A /* CozyReactNative.app */,
				00E356EE1AD99517003FC87E /* CozyReactNativeTests.xctest */,
				E4924ABE29963CAD00F415CE /* CozyReactNativeDev.app */,
				A98E5EB22A8CC8EF00CAC55D /* CozyShare.appex */,
			);
			name = Products;
			sourceTree = "<group>";
		};
		A94CD3A52A8CD1A700A5DA84 /* aza */ = {
			isa = PBXGroup;
			children = (
				A94CD3A62A8CD1A700A5DA84 /* ShareViewController.swift */,
				A94CD3A82A8CD1A700A5DA84 /* MainInterface.storyboard */,
				A94CD3AB2A8CD1A700A5DA84 /* Info.plist */,
			);
			path = aza;
			sourceTree = "<group>";
		};
		A98E5EB32A8CC8EF00CAC55D /* CozyShare */ = {
			isa = PBXGroup;
			children = (
				A98E5EB42A8CC8EF00CAC55D /* ShareViewController.swift */,
				A98E5EB62A8CC8EF00CAC55D /* MainInterface.storyboard */,
				A98E5EB92A8CC8EF00CAC55D /* Info.plist */,
			);
			path = CozyShare;
			sourceTree = "<group>";
		};
		CDA0EE31E7D3E42F21731B64 /* Pods */ = {
			isa = PBXGroup;
			children = (
				9F5886BEE4526A9676E4D592 /* Pods-CozyReactNative-CozyReactNativeTests.debug.xcconfig */,
				BF90BB6E53007BE49D4888CA /* Pods-CozyReactNative-CozyReactNativeTests.release.xcconfig */,
				2161F5FB1C88F7A96C55ED73 /* Pods-CozyReactNative.debug.xcconfig */,
				9A8507EB61A9895B473A06A3 /* Pods-CozyReactNative.release.xcconfig */,
				DB7507DF32C8AE85CC054D7E /* Pods-CozyReactNative-CozyReactNativeDev.debug.xcconfig */,
				79997E63AEB566EB66642538 /* Pods-CozyReactNative-CozyReactNativeDev.release.xcconfig */,
			);
			path = Pods;
			sourceTree = "<group>";
		};
		E4F8715B29DDEB6C00C52A35 /* AppIcons */ = {
			isa = PBXGroup;
			children = (
				E4F8715C29DDEC1E00C52A35 /* base@2x.png */,
				E4F8715F29DDEC1E00C52A35 /* base@3x.png */,
				E4F8715D29DDEC1E00C52A35 /* mespapiers@2x.png */,
				E4F8715E29DDEC1E00C52A35 /* mespapiers@3x.png */,
			);
			path = AppIcons;
			sourceTree = "<group>";
		};
		E53BDF67B72C4FB3901AA686 /* Resources */ = {
			isa = PBXGroup;
			children = (
				00323DA8D6BE49D2BE5C238B /* Lato-Bold.woff */,
				DF93CAAA2160427F9BC16935 /* Lato-Bold.woff2 */,
				D6FD94648F224F6683FD0C85 /* Lato-Regular.woff */,
				EBA740E658AB4C90BED7F6D9 /* Lato-Regular.woff2 */,
				FB7AC79E047043178F1289F7 /* Lato-Bold.ttf */,
				A0572B798A7D41908174A427 /* Lato-Regular.ttf */,
				90B0EC53D3AE4171BBD95A6D /* Inter-Bold.ttf */,
				5680E07156234AC2874D356F /* Inter-Regular.ttf */,
			);
			name = Resources;
			sourceTree = "<group>";
		};
/* End PBXGroup section */

/* Begin PBXNativeTarget section */
		00E356ED1AD99517003FC87E /* CozyReactNativeTests */ = {
			isa = PBXNativeTarget;
			buildConfigurationList = 00E357021AD99517003FC87E /* Build configuration list for PBXNativeTarget "CozyReactNativeTests" */;
			buildPhases = (
				0BC44998A6A92D356992CB3C /* [CP] Check Pods Manifest.lock */,
				00E356EA1AD99517003FC87E /* Sources */,
				00E356EB1AD99517003FC87E /* Frameworks */,
				00E356EC1AD99517003FC87E /* Resources */,
				74DFD282B8442CEEEFAE21E9 /* [CP] Embed Pods Frameworks */,
				A55E02C8F9DD4DC4689766AE /* [CP] Copy Pods Resources */,
			);
			buildRules = (
			);
			dependencies = (
				00E356F51AD99517003FC87E /* PBXTargetDependency */,
			);
			name = CozyReactNativeTests;
			productName = CozyReactNativeTests;
			productReference = 00E356EE1AD99517003FC87E /* CozyReactNativeTests.xctest */;
			productType = "com.apple.product-type.bundle.unit-test";
		};
		13B07F861A680F5B00A75B9A /* CozyReactNative */ = {
			isa = PBXNativeTarget;
			buildConfigurationList = 13B07F931A680F5B00A75B9A /* Build configuration list for PBXNativeTarget "CozyReactNative" */;
			buildPhases = (
				FE25D529E843519355FAE650 /* [CP] Check Pods Manifest.lock */,
				FD10A7F022414F080027D42C /* Start Packager */,
				13B07F871A680F5B00A75B9A /* Sources */,
				13B07F8C1A680F5B00A75B9A /* Frameworks */,
				13B07F8E1A680F5B00A75B9A /* Resources */,
				00DD1BFF1BD5951E006B06BC /* Bundle React Native code and images */,
				A98E5EA92A8CC1AB00CAC55D /* Embed Foundation Extensions */,
				53A0BB98387310FC2DDBCB68 /* [CP] Embed Pods Frameworks */,
				02F6E7460B106C0824136025 /* [CP] Copy Pods Resources */,
				592D30E9601C4E6BAD83C8B3 /* Upload Debug Symbols to Sentry */,
				A6FFA29AB5A56B37E2529745 /* [CP-User] [RNFB] Core Configuration */,
			);
			buildRules = (
			);
			dependencies = (
				A98E5EBB2A8CC8EF00CAC55D /* PBXTargetDependency */,
			);
			name = CozyReactNative;
			productName = CozyReactNative;
			productReference = 13B07F961A680F5B00A75B9A /* CozyReactNative.app */;
			productType = "com.apple.product-type.application";
		};
		A98E5EB12A8CC8EF00CAC55D /* CozyShare */ = {
			isa = PBXNativeTarget;
			buildConfigurationList = A98E5EBD2A8CC8EF00CAC55D /* Build configuration list for PBXNativeTarget "CozyShare" */;
			buildPhases = (
				A98E5EAE2A8CC8EF00CAC55D /* Sources */,
				A98E5EAF2A8CC8EF00CAC55D /* Frameworks */,
				A98E5EB02A8CC8EF00CAC55D /* Resources */,
			);
			buildRules = (
			);
			dependencies = (
			);
			name = CozyShare;
			productName = CozyShare;
			productReference = A98E5EB22A8CC8EF00CAC55D /* CozyShare.appex */;
			productType = "com.apple.product-type.app-extension";
		};
		E4924AA629963CAD00F415CE /* CozyReactNativeDev */ = {
			isa = PBXNativeTarget;
			buildConfigurationList = E4924ABB29963CAD00F415CE /* Build configuration list for PBXNativeTarget "CozyReactNativeDev" */;
			buildPhases = (
				51825DB3A86DD3563457F7A1 /* [CP] Check Pods Manifest.lock */,
				E4924AA829963CAD00F415CE /* Start Packager */,
				E4924AA929963CAD00F415CE /* Sources */,
				E4924AAE29963CAD00F415CE /* Frameworks */,
				E4924AB029963CAD00F415CE /* Resources */,
				E4924AB729963CAD00F415CE /* Bundle React Native code and images */,
				E4924ABA29963CAD00F415CE /* Upload Debug Symbols to Sentry */,
				BFAC222C542B8CAAD42F2AA3 /* [CP] Embed Pods Frameworks */,
				D4F294C0541B3DB771AF1F4E /* [CP] Copy Pods Resources */,
			);
			buildRules = (
			);
			dependencies = (
			);
			name = CozyReactNativeDev;
			productName = CozyReactNative;
			productReference = E4924ABE29963CAD00F415CE /* CozyReactNativeDev.app */;
			productType = "com.apple.product-type.application";
		};
/* End PBXNativeTarget section */

/* Begin PBXProject section */
		83CBB9F71A601CBA00E9B192 /* Project object */ = {
			isa = PBXProject;
			attributes = {
				LastSwiftUpdateCheck = 1430;
				LastUpgradeCheck = 1210;
				TargetAttributes = {
					00E356ED1AD99517003FC87E = {
						CreatedOnToolsVersion = 6.2;
						TestTargetID = 13B07F861A680F5B00A75B9A;
					};
					13B07F861A680F5B00A75B9A = {
						LastSwiftMigration = 1320;
					};
					A98E5EB12A8CC8EF00CAC55D = {
						CreatedOnToolsVersion = 14.3.1;
					};
				};
			};
			buildConfigurationList = 83CBB9FA1A601CBA00E9B192 /* Build configuration list for PBXProject "CozyReactNative" */;
			compatibilityVersion = "Xcode 12.0";
			developmentRegion = en;
			hasScannedForEncodings = 0;
			knownRegions = (
				en,
				Base,
			);
			mainGroup = 83CBB9F61A601CBA00E9B192;
			productRefGroup = 83CBBA001A601CBA00E9B192 /* Products */;
			projectDirPath = "";
			projectRoot = "";
			targets = (
				13B07F861A680F5B00A75B9A /* CozyReactNative */,
				E4924AA629963CAD00F415CE /* CozyReactNativeDev */,
				00E356ED1AD99517003FC87E /* CozyReactNativeTests */,
				A98E5EB12A8CC8EF00CAC55D /* CozyShare */,
			);
		};
/* End PBXProject section */

/* Begin PBXResourcesBuildPhase section */
		00E356EC1AD99517003FC87E /* Resources */ = {
			isa = PBXResourcesBuildPhase;
			buildActionMask = 2147483647;
			files = (
			);
			runOnlyForDeploymentPostprocessing = 0;
		};
		13B07F8E1A680F5B00A75B9A /* Resources */ = {
			isa = PBXResourcesBuildPhase;
			buildActionMask = 2147483647;
			files = (
				997B98B22769CFD100089037 /* BootSplash.storyboard in Resources */,
				E4F8716029DDEC1E00C52A35 /* base@2x.png in Resources */,
				6B8CB25C2807246700E1F390 /* assets in Resources */,
				81AB9BB82411601600AC10FF /* LaunchScreen.storyboard in Resources */,
				E4F8716629DDEC1E00C52A35 /* base@3x.png in Resources */,
				E4F8716429DDEC1E00C52A35 /* mespapiers@3x.png in Resources */,
				13B07FBF1A68108700A75B9A /* Images.xcassets in Resources */,
				573255ED23C142D79968C840 /* Lato-Bold.ttf in Resources */,
				E4F8716229DDEC1E00C52A35 /* mespapiers@2x.png in Resources */,
				F3B83720E44641879E6927C6 /* Lato-Regular.ttf in Resources */,
				E4924AC32996438600F415CE /* GoogleService-Info.plist in Resources */,
				7585C5DE689CEA1E2E42E533 /* PrivacyInfo.xcprivacy in Resources */,
				92832EDB00FF4C2EAD9F811A /* Inter-Bold.ttf in Resources */,
				ACA0A767CBF24490B0ED8EC2 /* Inter-Regular.ttf in Resources */,
			);
			runOnlyForDeploymentPostprocessing = 0;
		};
		A98E5EB02A8CC8EF00CAC55D /* Resources */ = {
			isa = PBXResourcesBuildPhase;
			buildActionMask = 2147483647;
			files = (
				A98E5EB82A8CC8EF00CAC55D /* MainInterface.storyboard in Resources */,
			);
			runOnlyForDeploymentPostprocessing = 0;
		};
		E4924AB029963CAD00F415CE /* Resources */ = {
			isa = PBXResourcesBuildPhase;
			buildActionMask = 2147483647;
			files = (
				E4924AB129963CAD00F415CE /* BootSplash.storyboard in Resources */,
				E4F8716129DDEC1E00C52A35 /* base@2x.png in Resources */,
				E4924AB229963CAD00F415CE /* assets in Resources */,
				E4924AB329963CAD00F415CE /* LaunchScreen.storyboard in Resources */,
				E4F8716729DDEC1E00C52A35 /* base@3x.png in Resources */,
				E4F8716529DDEC1E00C52A35 /* mespapiers@3x.png in Resources */,
				E4924AB429963CAD00F415CE /* Images.xcassets in Resources */,
				E4924AB529963CAD00F415CE /* Lato-Bold.ttf in Resources */,
				E4F8716329DDEC1E00C52A35 /* mespapiers@2x.png in Resources */,
				E4924AB629963CAD00F415CE /* Lato-Regular.ttf in Resources */,
				E4924AC12996437D00F415CE /* GoogleService-Info.plist in Resources */,
				162E2561D1F79143AC69FDE4 /* PrivacyInfo.xcprivacy in Resources */,
			);
			runOnlyForDeploymentPostprocessing = 0;
		};
/* End PBXResourcesBuildPhase section */

/* Begin PBXShellScriptBuildPhase section */
		00DD1BFF1BD5951E006B06BC /* Bundle React Native code and images */ = {
			isa = PBXShellScriptBuildPhase;
			buildActionMask = 2147483647;
			files = (
			);
			inputPaths = (
			);
			name = "Bundle React Native code and images";
			outputPaths = (
			);
			runOnlyForDeploymentPostprocessing = 0;
			shellPath = /bin/sh;
			shellScript = "export SENTRY_PROPERTIES=sentry.properties\nexport EXTRA_PACKAGER_ARGS=\"--sourcemap-output $DERIVED_FILE_DIR/main.jsbundle.map\"\nexport NODE_BINARY=node\n../node_modules/@sentry/cli/bin/sentry-cli react-native xcode ../node_modules/react-native/scripts/react-native-xcode.sh";
		};
		02F6E7460B106C0824136025 /* [CP] Copy Pods Resources */ = {
			isa = PBXShellScriptBuildPhase;
			buildActionMask = 2147483647;
			files = (
			);
			inputFileListPaths = (
				"${PODS_ROOT}/Target Support Files/Pods-CozyReactNative/Pods-CozyReactNative-resources-${CONFIGURATION}-input-files.xcfilelist",
			);
			name = "[CP] Copy Pods Resources";
			outputFileListPaths = (
				"${PODS_ROOT}/Target Support Files/Pods-CozyReactNative/Pods-CozyReactNative-resources-${CONFIGURATION}-output-files.xcfilelist",
			);
			runOnlyForDeploymentPostprocessing = 0;
			shellPath = /bin/sh;
			shellScript = "\"${PODS_ROOT}/Target Support Files/Pods-CozyReactNative/Pods-CozyReactNative-resources.sh\"\n";
			showEnvVarsInLog = 0;
		};
		0BC44998A6A92D356992CB3C /* [CP] Check Pods Manifest.lock */ = {
			isa = PBXShellScriptBuildPhase;
			buildActionMask = 2147483647;
			files = (
			);
			inputFileListPaths = (
			);
			inputPaths = (
				"${PODS_PODFILE_DIR_PATH}/Podfile.lock",
				"${PODS_ROOT}/Manifest.lock",
			);
			name = "[CP] Check Pods Manifest.lock";
			outputFileListPaths = (
			);
			outputPaths = (
				"$(DERIVED_FILE_DIR)/Pods-CozyReactNative-CozyReactNativeTests-checkManifestLockResult.txt",
			);
			runOnlyForDeploymentPostprocessing = 0;
			shellPath = /bin/sh;
			shellScript = "diff \"${PODS_PODFILE_DIR_PATH}/Podfile.lock\" \"${PODS_ROOT}/Manifest.lock\" > /dev/null\nif [ $? != 0 ] ; then\n    # print error to STDERR\n    echo \"error: The sandbox is not in sync with the Podfile.lock. Run 'pod install' or update your CocoaPods installation.\" >&2\n    exit 1\nfi\n# This output is used by Xcode 'outputs' to avoid re-running this script phase.\necho \"SUCCESS\" > \"${SCRIPT_OUTPUT_FILE_0}\"\n";
			showEnvVarsInLog = 0;
		};
		51825DB3A86DD3563457F7A1 /* [CP] Check Pods Manifest.lock */ = {
			isa = PBXShellScriptBuildPhase;
			buildActionMask = 2147483647;
			files = (
			);
			inputFileListPaths = (
			);
			inputPaths = (
				"${PODS_PODFILE_DIR_PATH}/Podfile.lock",
				"${PODS_ROOT}/Manifest.lock",
			);
			name = "[CP] Check Pods Manifest.lock";
			outputFileListPaths = (
			);
			outputPaths = (
				"$(DERIVED_FILE_DIR)/Pods-CozyReactNative-CozyReactNativeDev-checkManifestLockResult.txt",
			);
			runOnlyForDeploymentPostprocessing = 0;
			shellPath = /bin/sh;
			shellScript = "diff \"${PODS_PODFILE_DIR_PATH}/Podfile.lock\" \"${PODS_ROOT}/Manifest.lock\" > /dev/null\nif [ $? != 0 ] ; then\n    # print error to STDERR\n    echo \"error: The sandbox is not in sync with the Podfile.lock. Run 'pod install' or update your CocoaPods installation.\" >&2\n    exit 1\nfi\n# This output is used by Xcode 'outputs' to avoid re-running this script phase.\necho \"SUCCESS\" > \"${SCRIPT_OUTPUT_FILE_0}\"\n";
			showEnvVarsInLog = 0;
		};
		53A0BB98387310FC2DDBCB68 /* [CP] Embed Pods Frameworks */ = {
			isa = PBXShellScriptBuildPhase;
			buildActionMask = 2147483647;
			files = (
			);
			inputFileListPaths = (
				"${PODS_ROOT}/Target Support Files/Pods-CozyReactNative/Pods-CozyReactNative-frameworks-${CONFIGURATION}-input-files.xcfilelist",
			);
			name = "[CP] Embed Pods Frameworks";
			outputFileListPaths = (
				"${PODS_ROOT}/Target Support Files/Pods-CozyReactNative/Pods-CozyReactNative-frameworks-${CONFIGURATION}-output-files.xcfilelist",
			);
			runOnlyForDeploymentPostprocessing = 0;
			shellPath = /bin/sh;
			shellScript = "\"${PODS_ROOT}/Target Support Files/Pods-CozyReactNative/Pods-CozyReactNative-frameworks.sh\"\n";
			showEnvVarsInLog = 0;
		};
		592D30E9601C4E6BAD83C8B3 /* Upload Debug Symbols to Sentry */ = {
			isa = PBXShellScriptBuildPhase;
			buildActionMask = 2147483647;
			files = (
			);
			inputPaths = (
			);
			name = "Upload Debug Symbols to Sentry";
			outputPaths = (
			);
			runOnlyForDeploymentPostprocessing = 0;
			shellPath = /bin/sh;
			shellScript = "export SENTRY_PROPERTIES=sentry.properties\n../node_modules/@sentry/cli/bin/sentry-cli debug-files upload \"$DWARF_DSYM_FOLDER_PATH\"\n";
		};
		74DFD282B8442CEEEFAE21E9 /* [CP] Embed Pods Frameworks */ = {
			isa = PBXShellScriptBuildPhase;
			buildActionMask = 2147483647;
			files = (
			);
			inputFileListPaths = (
				"${PODS_ROOT}/Target Support Files/Pods-CozyReactNative-CozyReactNativeTests/Pods-CozyReactNative-CozyReactNativeTests-frameworks-${CONFIGURATION}-input-files.xcfilelist",
			);
			name = "[CP] Embed Pods Frameworks";
			outputFileListPaths = (
				"${PODS_ROOT}/Target Support Files/Pods-CozyReactNative-CozyReactNativeTests/Pods-CozyReactNative-CozyReactNativeTests-frameworks-${CONFIGURATION}-output-files.xcfilelist",
			);
			runOnlyForDeploymentPostprocessing = 0;
			shellPath = /bin/sh;
			shellScript = "\"${PODS_ROOT}/Target Support Files/Pods-CozyReactNative-CozyReactNativeTests/Pods-CozyReactNative-CozyReactNativeTests-frameworks.sh\"\n";
			showEnvVarsInLog = 0;
		};
		A55E02C8F9DD4DC4689766AE /* [CP] Copy Pods Resources */ = {
			isa = PBXShellScriptBuildPhase;
			buildActionMask = 2147483647;
			files = (
			);
			inputFileListPaths = (
				"${PODS_ROOT}/Target Support Files/Pods-CozyReactNative-CozyReactNativeTests/Pods-CozyReactNative-CozyReactNativeTests-resources-${CONFIGURATION}-input-files.xcfilelist",
			);
			name = "[CP] Copy Pods Resources";
			outputFileListPaths = (
				"${PODS_ROOT}/Target Support Files/Pods-CozyReactNative-CozyReactNativeTests/Pods-CozyReactNative-CozyReactNativeTests-resources-${CONFIGURATION}-output-files.xcfilelist",
			);
			runOnlyForDeploymentPostprocessing = 0;
			shellPath = /bin/sh;
			shellScript = "\"${PODS_ROOT}/Target Support Files/Pods-CozyReactNative-CozyReactNativeTests/Pods-CozyReactNative-CozyReactNativeTests-resources.sh\"\n";
			showEnvVarsInLog = 0;
		};
		A6FFA29AB5A56B37E2529745 /* [CP-User] [RNFB] Core Configuration */ = {
			isa = PBXShellScriptBuildPhase;
			buildActionMask = 2147483647;
			files = (
			);
			inputPaths = (
				"$(BUILT_PRODUCTS_DIR)/$(INFOPLIST_PATH)",
			);
			name = "[CP-User] [RNFB] Core Configuration";
			runOnlyForDeploymentPostprocessing = 0;
			shellPath = /bin/sh;
			shellScript = "#!/usr/bin/env bash\n#\n# Copyright (c) 2016-present Invertase Limited & Contributors\n#\n# Licensed under the Apache License, Version 2.0 (the \"License\");\n# you may not use this library except in compliance with the License.\n# You may obtain a copy of the License at\n#\n#   http://www.apache.org/licenses/LICENSE-2.0\n#\n# Unless required by applicable law or agreed to in writing, software\n# distributed under the License is distributed on an \"AS IS\" BASIS,\n# WITHOUT WARRANTIES OR CONDITIONS OF ANY KIND, either express or implied.\n# See the License for the specific language governing permissions and\n# limitations under the License.\n#\nset -e\n\n_MAX_LOOKUPS=2;\n_SEARCH_RESULT=''\n_RN_ROOT_EXISTS=''\n_CURRENT_LOOKUPS=1\n_JSON_ROOT=\"'react-native'\"\n_JSON_FILE_NAME='firebase.json'\n_JSON_OUTPUT_BASE64='e30=' # { }\n_CURRENT_SEARCH_DIR=${PROJECT_DIR}\n_PLIST_BUDDY=/usr/libexec/PlistBuddy\n_TARGET_PLIST=\"${BUILT_PRODUCTS_DIR}/${INFOPLIST_PATH}\"\n_DSYM_PLIST=\"${DWARF_DSYM_FOLDER_PATH}/${DWARF_DSYM_FILE_NAME}/Contents/Info.plist\"\n\n# plist arrays\n_PLIST_ENTRY_KEYS=()\n_PLIST_ENTRY_TYPES=()\n_PLIST_ENTRY_VALUES=()\n\nfunction setPlistValue {\n  echo \"info:      setting plist entry '$1' of type '$2' in file '$4'\"\n  ${_PLIST_BUDDY} -c \"Add :$1 $2 '$3'\" $4 || echo \"info:      '$1' already exists\"\n}\n\nfunction getFirebaseJsonKeyValue () {\n  if [[ ${_RN_ROOT_EXISTS} ]]; then\n    ruby -e \"require 'rubygems';require 'json'; output=JSON.parse('$1'); puts output[$_JSON_ROOT]['$2']\"\n  else\n    echo \"\"\n  fi;\n}\n\nfunction jsonBoolToYesNo () {\n  if [[ $1 == \"false\" ]]; then\n    echo \"NO\"\n  elif [[ $1 == \"true\" ]]; then\n    echo \"YES\"\n  else echo \"NO\"\n  fi\n}\n\necho \"info: -> RNFB build script started\"\necho \"info: 1) Locating ${_JSON_FILE_NAME} file:\"\n\nif [[ -z ${_CURRENT_SEARCH_DIR} ]]; then\n  _CURRENT_SEARCH_DIR=$(pwd)\nfi;\n\nwhile true; do\n  _CURRENT_SEARCH_DIR=$(dirname \"$_CURRENT_SEARCH_DIR\")\n  if [[ \"$_CURRENT_SEARCH_DIR\" == \"/\" ]] || [[ ${_CURRENT_LOOKUPS} -gt ${_MAX_LOOKUPS} ]]; then break; fi;\n  echo \"info:      ($_CURRENT_LOOKUPS of $_MAX_LOOKUPS) Searching in '$_CURRENT_SEARCH_DIR' for a ${_JSON_FILE_NAME} file.\"\n  _SEARCH_RESULT=$(find \"$_CURRENT_SEARCH_DIR\" -maxdepth 2 -name ${_JSON_FILE_NAME} -print | /usr/bin/head -n 1)\n  if [[ ${_SEARCH_RESULT} ]]; then\n    echo \"info:      ${_JSON_FILE_NAME} found at $_SEARCH_RESULT\"\n    break;\n  fi;\n  _CURRENT_LOOKUPS=$((_CURRENT_LOOKUPS+1))\ndone\n\nif [[ ${_SEARCH_RESULT} ]]; then\n  _JSON_OUTPUT_RAW=$(cat \"${_SEARCH_RESULT}\")\n  _RN_ROOT_EXISTS=$(ruby -e \"require 'rubygems';require 'json'; output=JSON.parse('$_JSON_OUTPUT_RAW'); puts output[$_JSON_ROOT]\" || echo '')\n\n  if [[ ${_RN_ROOT_EXISTS} ]]; then\n    if ! python3 --version >/dev/null 2>&1; then echo \"python3 not found, firebase.json file processing error.\" && exit 1; fi\n    _JSON_OUTPUT_BASE64=$(python3 -c 'import json,sys,base64;print(base64.b64encode(bytes(json.dumps(json.loads(open('\"'${_SEARCH_RESULT}'\"', '\"'rb'\"').read())['${_JSON_ROOT}']), '\"'utf-8'\"')).decode())' || echo \"e30=\")\n  fi\n\n  _PLIST_ENTRY_KEYS+=(\"firebase_json_raw\")\n  _PLIST_ENTRY_TYPES+=(\"string\")\n  _PLIST_ENTRY_VALUES+=(\"$_JSON_OUTPUT_BASE64\")\n\n  # config.app_data_collection_default_enabled\n  _APP_DATA_COLLECTION_ENABLED=$(getFirebaseJsonKeyValue \"$_JSON_OUTPUT_RAW\" \"app_data_collection_default_enabled\")\n  if [[ $_APP_DATA_COLLECTION_ENABLED ]]; then\n    _PLIST_ENTRY_KEYS+=(\"FirebaseDataCollectionDefaultEnabled\")\n    _PLIST_ENTRY_TYPES+=(\"bool\")\n    _PLIST_ENTRY_VALUES+=(\"$(jsonBoolToYesNo \"$_APP_DATA_COLLECTION_ENABLED\")\")\n  fi\n\n  # config.analytics_auto_collection_enabled\n  _ANALYTICS_AUTO_COLLECTION=$(getFirebaseJsonKeyValue \"$_JSON_OUTPUT_RAW\" \"analytics_auto_collection_enabled\")\n  if [[ $_ANALYTICS_AUTO_COLLECTION ]]; then\n    _PLIST_ENTRY_KEYS+=(\"FIREBASE_ANALYTICS_COLLECTION_ENABLED\")\n    _PLIST_ENTRY_TYPES+=(\"bool\")\n    _PLIST_ENTRY_VALUES+=(\"$(jsonBoolToYesNo \"$_ANALYTICS_AUTO_COLLECTION\")\")\n  fi\n\n  # config.analytics_collection_deactivated\n  _ANALYTICS_DEACTIVATED=$(getFirebaseJsonKeyValue \"$_JSON_OUTPUT_RAW\" \"analytics_collection_deactivated\")\n  if [[ $_ANALYTICS_DEACTIVATED ]]; then\n    _PLIST_ENTRY_KEYS+=(\"FIREBASE_ANALYTICS_COLLECTION_DEACTIVATED\")\n    _PLIST_ENTRY_TYPES+=(\"bool\")\n    _PLIST_ENTRY_VALUES+=(\"$(jsonBoolToYesNo \"$_ANALYTICS_DEACTIVATED\")\")\n  fi\n\n  # config.analytics_idfv_collection_enabled\n  _ANALYTICS_IDFV_COLLECTION=$(getFirebaseJsonKeyValue \"$_JSON_OUTPUT_RAW\" \"analytics_idfv_collection_enabled\")\n  if [[ $_ANALYTICS_IDFV_COLLECTION ]]; then\n    _PLIST_ENTRY_KEYS+=(\"GOOGLE_ANALYTICS_IDFV_COLLECTION_ENABLED\")\n    _PLIST_ENTRY_TYPES+=(\"bool\")\n    _PLIST_ENTRY_VALUES+=(\"$(jsonBoolToYesNo \"$_ANALYTICS_IDFV_COLLECTION\")\")\n  fi\n\n  # config.analytics_default_allow_ad_personalization_signals\n  _ANALYTICS_PERSONALIZATION=$(getFirebaseJsonKeyValue \"$_JSON_OUTPUT_RAW\" \"analytics_default_allow_ad_personalization_signals\")\n  if [[ $_ANALYTICS_PERSONALIZATION ]]; then\n    _PLIST_ENTRY_KEYS+=(\"GOOGLE_ANALYTICS_DEFAULT_ALLOW_AD_PERSONALIZATION_SIGNALS\")\n    _PLIST_ENTRY_TYPES+=(\"bool\")\n    _PLIST_ENTRY_VALUES+=(\"$(jsonBoolToYesNo \"$_ANALYTICS_PERSONALIZATION\")\")\n  fi\n\n  # config.google_analytics_automatic_screen_reporting_enabled\n  _ANALYTICS_AUTO_SCREEN_REPORTING=$(getFirebaseJsonKeyValue \"$_JSON_OUTPUT_RAW\" \"google_analytics_automatic_screen_reporting_enabled\")\n  if [[ $_ANALYTICS_AUTO_SCREEN_REPORTING ]]; then\n    _PLIST_ENTRY_KEYS+=(\"FirebaseAutomaticScreenReportingEnabled\")\n    _PLIST_ENTRY_TYPES+=(\"bool\")\n    _PLIST_ENTRY_VALUES+=(\"$(jsonBoolToYesNo \"$_ANALYTICS_AUTO_SCREEN_REPORTING\")\")\n  fi\n\n  # config.perf_auto_collection_enabled\n  _PERF_AUTO_COLLECTION=$(getFirebaseJsonKeyValue \"$_JSON_OUTPUT_RAW\" \"perf_auto_collection_enabled\")\n  if [[ $_PERF_AUTO_COLLECTION ]]; then\n    _PLIST_ENTRY_KEYS+=(\"firebase_performance_collection_enabled\")\n    _PLIST_ENTRY_TYPES+=(\"bool\")\n    _PLIST_ENTRY_VALUES+=(\"$(jsonBoolToYesNo \"$_PERF_AUTO_COLLECTION\")\")\n  fi\n\n  # config.perf_collection_deactivated\n  _PERF_DEACTIVATED=$(getFirebaseJsonKeyValue \"$_JSON_OUTPUT_RAW\" \"perf_collection_deactivated\")\n  if [[ $_PERF_DEACTIVATED ]]; then\n    _PLIST_ENTRY_KEYS+=(\"firebase_performance_collection_deactivated\")\n    _PLIST_ENTRY_TYPES+=(\"bool\")\n    _PLIST_ENTRY_VALUES+=(\"$(jsonBoolToYesNo \"$_PERF_DEACTIVATED\")\")\n  fi\n\n  # config.messaging_auto_init_enabled\n  _MESSAGING_AUTO_INIT=$(getFirebaseJsonKeyValue \"$_JSON_OUTPUT_RAW\" \"messaging_auto_init_enabled\")\n  if [[ $_MESSAGING_AUTO_INIT ]]; then\n    _PLIST_ENTRY_KEYS+=(\"FirebaseMessagingAutoInitEnabled\")\n    _PLIST_ENTRY_TYPES+=(\"bool\")\n    _PLIST_ENTRY_VALUES+=(\"$(jsonBoolToYesNo \"$_MESSAGING_AUTO_INIT\")\")\n  fi\n\n  # config.in_app_messaging_auto_colllection_enabled\n  _FIAM_AUTO_INIT=$(getFirebaseJsonKeyValue \"$_JSON_OUTPUT_RAW\" \"in_app_messaging_auto_collection_enabled\")\n  if [[ $_FIAM_AUTO_INIT ]]; then\n    _PLIST_ENTRY_KEYS+=(\"FirebaseInAppMessagingAutomaticDataCollectionEnabled\")\n    _PLIST_ENTRY_TYPES+=(\"bool\")\n    _PLIST_ENTRY_VALUES+=(\"$(jsonBoolToYesNo \"$_FIAM_AUTO_INIT\")\")\n  fi\n\n  # config.app_check_token_auto_refresh\n  _APP_CHECK_TOKEN_AUTO_REFRESH=$(getFirebaseJsonKeyValue \"$_JSON_OUTPUT_RAW\" \"app_check_token_auto_refresh\")\n  if [[ $_APP_CHECK_TOKEN_AUTO_REFRESH ]]; then\n    _PLIST_ENTRY_KEYS+=(\"FirebaseAppCheckTokenAutoRefreshEnabled\")\n    _PLIST_ENTRY_TYPES+=(\"bool\")\n    _PLIST_ENTRY_VALUES+=(\"$(jsonBoolToYesNo \"$_APP_CHECK_TOKEN_AUTO_REFRESH\")\")\n  fi\n\n  # config.crashlytics_disable_auto_disabler - undocumented for now - mainly for debugging, document if becomes useful\n  _CRASHLYTICS_AUTO_DISABLE_ENABLED=$(getFirebaseJsonKeyValue \"$_JSON_OUTPUT_RAW\" \"crashlytics_disable_auto_disabler\")\n  if [[ $_CRASHLYTICS_AUTO_DISABLE_ENABLED == \"true\" ]]; then\n    echo \"Disabled Crashlytics auto disabler.\" # do nothing\n  else\n    _PLIST_ENTRY_KEYS+=(\"FirebaseCrashlyticsCollectionEnabled\")\n    _PLIST_ENTRY_TYPES+=(\"bool\")\n    _PLIST_ENTRY_VALUES+=(\"NO\")\n  fi\nelse\n  _PLIST_ENTRY_KEYS+=(\"firebase_json_raw\")\n  _PLIST_ENTRY_TYPES+=(\"string\")\n  _PLIST_ENTRY_VALUES+=(\"$_JSON_OUTPUT_BASE64\")\n  echo \"warning:   A firebase.json file was not found, whilst this file is optional it is recommended to include it to configure firebase services in React Native Firebase.\"\nfi;\n\necho \"info: 2) Injecting Info.plist entries: \"\n\n# Log out the keys we're adding\nfor i in \"${!_PLIST_ENTRY_KEYS[@]}\"; do\n  echo \"    ->  $i) ${_PLIST_ENTRY_KEYS[$i]}\" \"${_PLIST_ENTRY_TYPES[$i]}\" \"${_PLIST_ENTRY_VALUES[$i]}\"\ndone\n\nfor plist in \"${_TARGET_PLIST}\" \"${_DSYM_PLIST}\" ; do\n  if [[ -f \"${plist}\" ]]; then\n\n    # paths with spaces break the call to setPlistValue. temporarily modify\n    # the shell internal field separator variable (IFS), which normally\n    # includes spaces, to consist only of line breaks\n    oldifs=$IFS\n    IFS=\"\n\"\n\n    for i in \"${!_PLIST_ENTRY_KEYS[@]}\"; do\n      setPlistValue \"${_PLIST_ENTRY_KEYS[$i]}\" \"${_PLIST_ENTRY_TYPES[$i]}\" \"${_PLIST_ENTRY_VALUES[$i]}\" \"${plist}\"\n    done\n\n    # restore the original internal field separator value\n    IFS=$oldifs\n  else\n    echo \"warning:   A Info.plist build output file was not found (${plist})\"\n  fi\ndone\n\necho \"info: <- RNFB build script finished\"\n";
		};
		BFAC222C542B8CAAD42F2AA3 /* [CP] Embed Pods Frameworks */ = {
			isa = PBXShellScriptBuildPhase;
			buildActionMask = 2147483647;
			files = (
			);
			inputFileListPaths = (
				"${PODS_ROOT}/Target Support Files/Pods-CozyReactNative-CozyReactNativeDev/Pods-CozyReactNative-CozyReactNativeDev-frameworks-${CONFIGURATION}-input-files.xcfilelist",
			);
			name = "[CP] Embed Pods Frameworks";
			outputFileListPaths = (
				"${PODS_ROOT}/Target Support Files/Pods-CozyReactNative-CozyReactNativeDev/Pods-CozyReactNative-CozyReactNativeDev-frameworks-${CONFIGURATION}-output-files.xcfilelist",
			);
			runOnlyForDeploymentPostprocessing = 0;
			shellPath = /bin/sh;
			shellScript = "\"${PODS_ROOT}/Target Support Files/Pods-CozyReactNative-CozyReactNativeDev/Pods-CozyReactNative-CozyReactNativeDev-frameworks.sh\"\n";
			showEnvVarsInLog = 0;
		};
		D4F294C0541B3DB771AF1F4E /* [CP] Copy Pods Resources */ = {
			isa = PBXShellScriptBuildPhase;
			buildActionMask = 2147483647;
			files = (
			);
			inputFileListPaths = (
				"${PODS_ROOT}/Target Support Files/Pods-CozyReactNative-CozyReactNativeDev/Pods-CozyReactNative-CozyReactNativeDev-resources-${CONFIGURATION}-input-files.xcfilelist",
			);
			name = "[CP] Copy Pods Resources";
			outputFileListPaths = (
				"${PODS_ROOT}/Target Support Files/Pods-CozyReactNative-CozyReactNativeDev/Pods-CozyReactNative-CozyReactNativeDev-resources-${CONFIGURATION}-output-files.xcfilelist",
			);
			runOnlyForDeploymentPostprocessing = 0;
			shellPath = /bin/sh;
			shellScript = "\"${PODS_ROOT}/Target Support Files/Pods-CozyReactNative-CozyReactNativeDev/Pods-CozyReactNative-CozyReactNativeDev-resources.sh\"\n";
			showEnvVarsInLog = 0;
		};
		E4924AA829963CAD00F415CE /* Start Packager */ = {
			isa = PBXShellScriptBuildPhase;
			buildActionMask = 2147483647;
			files = (
			);
			inputFileListPaths = (
			);
			inputPaths = (
			);
			name = "Start Packager";
			outputFileListPaths = (
			);
			outputPaths = (
			);
			runOnlyForDeploymentPostprocessing = 0;
			shellPath = /bin/sh;
			shellScript = "export RCT_METRO_PORT=\"${RCT_METRO_PORT:=8081}\"\necho \"export RCT_METRO_PORT=${RCT_METRO_PORT}\" > \"${SRCROOT}/../node_modules/react-native/scripts/.packager.env\"\nif [ -z \"${RCT_NO_LAUNCH_PACKAGER+xxx}\" ] ; then\n  if nc -w 5 -z localhost ${RCT_METRO_PORT} ; then\n    if ! curl -s \"http://localhost:${RCT_METRO_PORT}/status\" | grep -q \"packager-status:running\" ; then\n      echo \"Port ${RCT_METRO_PORT} already in use, packager is either not running or not running correctly\"\n      exit 2\n    fi\n  else\n    open \"$SRCROOT/../node_modules/react-native/scripts/launchPackager.command\" || echo \"Can't start packager automatically\"\n  fi\nfi\n";
			showEnvVarsInLog = 0;
		};
		E4924AB729963CAD00F415CE /* Bundle React Native code and images */ = {
			isa = PBXShellScriptBuildPhase;
			buildActionMask = 2147483647;
			files = (
			);
			inputPaths = (
			);
			name = "Bundle React Native code and images";
			outputPaths = (
			);
			runOnlyForDeploymentPostprocessing = 0;
			shellPath = /bin/sh;
			shellScript = "export SENTRY_PROPERTIES=sentry.properties\nexport EXTRA_PACKAGER_ARGS=\"--sourcemap-output $DERIVED_FILE_DIR/main.jsbundle.map\"\nexport NODE_BINARY=node\n../node_modules/@sentry/cli/bin/sentry-cli react-native xcode ../node_modules/react-native/scripts/react-native-xcode.sh";
		};
		E4924ABA29963CAD00F415CE /* Upload Debug Symbols to Sentry */ = {
			isa = PBXShellScriptBuildPhase;
			buildActionMask = 2147483647;
			files = (
			);
			inputPaths = (
			);
			name = "Upload Debug Symbols to Sentry";
			outputPaths = (
			);
			runOnlyForDeploymentPostprocessing = 0;
			shellPath = /bin/sh;
			shellScript = "export SENTRY_PROPERTIES=sentry.properties\n../node_modules/@sentry/cli/bin/sentry-cli debug-files upload \"$DWARF_DSYM_FOLDER_PATH\"\n";
		};
		FD10A7F022414F080027D42C /* Start Packager */ = {
			isa = PBXShellScriptBuildPhase;
			buildActionMask = 2147483647;
			files = (
			);
			inputFileListPaths = (
			);
			inputPaths = (
			);
			name = "Start Packager";
			outputFileListPaths = (
			);
			outputPaths = (
			);
			runOnlyForDeploymentPostprocessing = 0;
			shellPath = /bin/sh;
			shellScript = "export RCT_METRO_PORT=\"${RCT_METRO_PORT:=8081}\"\necho \"export RCT_METRO_PORT=${RCT_METRO_PORT}\" > \"${SRCROOT}/../node_modules/react-native/scripts/.packager.env\"\nif [ -z \"${RCT_NO_LAUNCH_PACKAGER+xxx}\" ] ; then\n  if nc -w 5 -z localhost ${RCT_METRO_PORT} ; then\n    if ! curl -s \"http://localhost:${RCT_METRO_PORT}/status\" | grep -q \"packager-status:running\" ; then\n      echo \"Port ${RCT_METRO_PORT} already in use, packager is either not running or not running correctly\"\n      exit 2\n    fi\n  else\n    open \"$SRCROOT/../node_modules/react-native/scripts/launchPackager.command\" || echo \"Can't start packager automatically\"\n  fi\nfi\n";
			showEnvVarsInLog = 0;
		};
		FE25D529E843519355FAE650 /* [CP] Check Pods Manifest.lock */ = {
			isa = PBXShellScriptBuildPhase;
			buildActionMask = 2147483647;
			files = (
			);
			inputFileListPaths = (
			);
			inputPaths = (
				"${PODS_PODFILE_DIR_PATH}/Podfile.lock",
				"${PODS_ROOT}/Manifest.lock",
			);
			name = "[CP] Check Pods Manifest.lock";
			outputFileListPaths = (
			);
			outputPaths = (
				"$(DERIVED_FILE_DIR)/Pods-CozyReactNative-checkManifestLockResult.txt",
			);
			runOnlyForDeploymentPostprocessing = 0;
			shellPath = /bin/sh;
			shellScript = "diff \"${PODS_PODFILE_DIR_PATH}/Podfile.lock\" \"${PODS_ROOT}/Manifest.lock\" > /dev/null\nif [ $? != 0 ] ; then\n    # print error to STDERR\n    echo \"error: The sandbox is not in sync with the Podfile.lock. Run 'pod install' or update your CocoaPods installation.\" >&2\n    exit 1\nfi\n# This output is used by Xcode 'outputs' to avoid re-running this script phase.\necho \"SUCCESS\" > \"${SCRIPT_OUTPUT_FILE_0}\"\n";
			showEnvVarsInLog = 0;
		};
/* End PBXShellScriptBuildPhase section */

/* Begin PBXSourcesBuildPhase section */
		00E356EA1AD99517003FC87E /* Sources */ = {
			isa = PBXSourcesBuildPhase;
			buildActionMask = 2147483647;
			files = (
				00E356F31AD99517003FC87E /* CozyReactNativeTests.m in Sources */,
			);
			runOnlyForDeploymentPostprocessing = 0;
		};
		13B07F871A680F5B00A75B9A /* Sources */ = {
			isa = PBXSourcesBuildPhase;
			buildActionMask = 2147483647;
			files = (
				13B07FBC1A68108700A75B9A /* AppDelegate.m in Sources */,
				13B07FC11A68108700A75B9A /* main.m in Sources */,
				2C7AA455281584D30052F4D8 /* HttpServer.m in Sources */,
				2C7AA45328157D2E0052F4D8 /* HttpServer.swift in Sources */,
			);
			runOnlyForDeploymentPostprocessing = 0;
		};
		A98E5EAE2A8CC8EF00CAC55D /* Sources */ = {
			isa = PBXSourcesBuildPhase;
			buildActionMask = 2147483647;
			files = (
				A98E5EB52A8CC8EF00CAC55D /* ShareViewController.swift in Sources */,
			);
			runOnlyForDeploymentPostprocessing = 0;
		};
		E4924AA929963CAD00F415CE /* Sources */ = {
			isa = PBXSourcesBuildPhase;
			buildActionMask = 2147483647;
			files = (
				E4924AAA29963CAD00F415CE /* AppDelegate.m in Sources */,
				E4924AAB29963CAD00F415CE /* main.m in Sources */,
				E4924AAC29963CAD00F415CE /* HttpServer.m in Sources */,
				E4924AAD29963CAD00F415CE /* HttpServer.swift in Sources */,
			);
			runOnlyForDeploymentPostprocessing = 0;
		};
/* End PBXSourcesBuildPhase section */

/* Begin PBXTargetDependency section */
		00E356F51AD99517003FC87E /* PBXTargetDependency */ = {
			isa = PBXTargetDependency;
			target = 13B07F861A680F5B00A75B9A /* CozyReactNative */;
			targetProxy = 00E356F41AD99517003FC87E /* PBXContainerItemProxy */;
		};
		A98E5EBB2A8CC8EF00CAC55D /* PBXTargetDependency */ = {
			isa = PBXTargetDependency;
			target = A98E5EB12A8CC8EF00CAC55D /* CozyShare */;
			targetProxy = A98E5EBA2A8CC8EF00CAC55D /* PBXContainerItemProxy */;
		};
/* End PBXTargetDependency section */

/* Begin PBXVariantGroup section */
		A94CD3A82A8CD1A700A5DA84 /* MainInterface.storyboard */ = {
			isa = PBXVariantGroup;
			children = (
				A94CD3A92A8CD1A700A5DA84 /* Base */,
			);
			name = MainInterface.storyboard;
			sourceTree = "<group>";
		};
		A98E5EB62A8CC8EF00CAC55D /* MainInterface.storyboard */ = {
			isa = PBXVariantGroup;
			children = (
				A98E5EB72A8CC8EF00CAC55D /* Base */,
			);
			name = MainInterface.storyboard;
			sourceTree = "<group>";
		};
/* End PBXVariantGroup section */

/* Begin XCBuildConfiguration section */
		00E356F61AD99517003FC87E /* Debug */ = {
			isa = XCBuildConfiguration;
			baseConfigurationReference = 9F5886BEE4526A9676E4D592 /* Pods-CozyReactNative-CozyReactNativeTests.debug.xcconfig */;
			buildSettings = {
				ALWAYS_EMBED_SWIFT_STANDARD_LIBRARIES = YES;
				BUNDLE_LOADER = "$(TEST_HOST)";
				GCC_PREPROCESSOR_DEFINITIONS = (
					"DEBUG=1",
					"$(inherited)",
				);
				INFOPLIST_FILE = CozyReactNativeTests/Info.plist;
				IPHONEOS_DEPLOYMENT_TARGET = 11.0;
				LD_RUNPATH_SEARCH_PATHS = (
					"$(inherited)",
					"@executable_path/Frameworks",
					"@loader_path/Frameworks",
				);
				OTHER_LDFLAGS = (
					"-ObjC",
					"-lc++",
					"$(inherited)",
				);
				PRODUCT_BUNDLE_IDENTIFIER = io.cozy.flagship.mobile;
				PRODUCT_NAME = "$(TARGET_NAME)";
				TEST_HOST = "$(BUILT_PRODUCTS_DIR)/CozyReactNative.app/CozyReactNative";
			};
			name = Debug;
		};
		00E356F71AD99517003FC87E /* Release */ = {
			isa = XCBuildConfiguration;
			baseConfigurationReference = BF90BB6E53007BE49D4888CA /* Pods-CozyReactNative-CozyReactNativeTests.release.xcconfig */;
			buildSettings = {
				ALWAYS_EMBED_SWIFT_STANDARD_LIBRARIES = YES;
				BUNDLE_LOADER = "$(TEST_HOST)";
				COPY_PHASE_STRIP = NO;
				INFOPLIST_FILE = CozyReactNativeTests/Info.plist;
				IPHONEOS_DEPLOYMENT_TARGET = 11.0;
				LD_RUNPATH_SEARCH_PATHS = (
					"$(inherited)",
					"@executable_path/Frameworks",
					"@loader_path/Frameworks",
				);
				OTHER_LDFLAGS = (
					"-ObjC",
					"-lc++",
					"$(inherited)",
				);
				PRODUCT_BUNDLE_IDENTIFIER = io.cozy.flagship.mobile;
				PRODUCT_NAME = "$(TARGET_NAME)";
				TEST_HOST = "$(BUILT_PRODUCTS_DIR)/CozyReactNative.app/CozyReactNative";
			};
			name = Release;
		};
		13B07F941A680F5B00A75B9A /* Debug */ = {
			isa = XCBuildConfiguration;
			baseConfigurationReference = 2161F5FB1C88F7A96C55ED73 /* Pods-CozyReactNative.debug.xcconfig */;
			buildSettings = {
				ALWAYS_EMBED_SWIFT_STANDARD_LIBRARIES = YES;
				ASSETCATALOG_COMPILER_APPICON_NAME = AppIcon;
				CLANG_ENABLE_MODULES = YES;
				CODE_SIGN_ENTITLEMENTS = CozyReactNative/CozyReactNative.entitlements;
				CURRENT_PROJECT_VERSION = 1;
				DEVELOPMENT_TEAM = 3AKXFMV43J;
				"DEVELOPMENT_TEAM[sdk=iphoneos*]" = 3AKXFMV43J;
				ENABLE_BITCODE = NO;
				INFOPLIST_FILE = CozyReactNative/Info.plist;
				LD_RUNPATH_SEARCH_PATHS = (
					"$(inherited)",
					"@executable_path/Frameworks",
				);
				OTHER_LDFLAGS = (
					"$(inherited)",
					"-ObjC",
					"-lc++",
				);
				PRODUCT_BUNDLE_IDENTIFIER = io.cozy.flagship.mobile;
				PRODUCT_NAME = CozyReactNative;
				"PROVISIONING_PROFILE_SPECIFIER[sdk=iphoneos*]" = "amiral-dev-profile";
				SWIFT_OBJC_BRIDGING_HEADER = "CozyReactNative-Bridging-Header.h";
				SWIFT_OPTIMIZATION_LEVEL = "-Onone";
				SWIFT_VERSION = 5.0;
				VERSIONING_SYSTEM = "apple-generic";
			};
			name = Debug;
		};
		13B07F951A680F5B00A75B9A /* Release */ = {
			isa = XCBuildConfiguration;
			baseConfigurationReference = 9A8507EB61A9895B473A06A3 /* Pods-CozyReactNative.release.xcconfig */;
			buildSettings = {
				ALWAYS_EMBED_SWIFT_STANDARD_LIBRARIES = YES;
				ASSETCATALOG_COMPILER_APPICON_NAME = AppIcon;
				CLANG_ENABLE_MODULES = YES;
				CODE_SIGN_ENTITLEMENTS = CozyReactNative/CozyReactNative.entitlements;
				"CODE_SIGN_IDENTITY[sdk=iphoneos*]" = "iPhone Distribution";
				CODE_SIGN_STYLE = Manual;
				CURRENT_PROJECT_VERSION = 1;
				DEVELOPMENT_TEAM = "";
				"DEVELOPMENT_TEAM[sdk=iphoneos*]" = 3AKXFMV43J;
				INFOPLIST_FILE = CozyReactNative/Info.plist;
				LD_RUNPATH_SEARCH_PATHS = (
					"$(inherited)",
					"@executable_path/Frameworks",
				);
				OTHER_LDFLAGS = (
					"$(inherited)",
					"-ObjC",
					"-lc++",
				);
				PRODUCT_BUNDLE_IDENTIFIER = io.cozy.flagship.mobile;
				PRODUCT_NAME = CozyReactNative;
				PROVISIONING_PROFILE_SPECIFIER = "";
				SWIFT_OBJC_BRIDGING_HEADER = "CozyReactNative-Bridging-Header.h";
				SWIFT_VERSION = 5.0;
				VERSIONING_SYSTEM = "apple-generic";
			};
			name = Release;
		};
		83CBBA201A601CBA00E9B192 /* Debug */ = {
			isa = XCBuildConfiguration;
			buildSettings = {
				ALWAYS_SEARCH_USER_PATHS = NO;
				CLANG_ANALYZER_LOCALIZABILITY_NONLOCALIZED = YES;
				CLANG_CXX_LANGUAGE_STANDARD = "c++20";
				CLANG_CXX_LIBRARY = "libc++";
				CLANG_ENABLE_MODULES = YES;
				CLANG_ENABLE_OBJC_ARC = YES;
				CLANG_WARN_BLOCK_CAPTURE_AUTORELEASING = YES;
				CLANG_WARN_BOOL_CONVERSION = YES;
				CLANG_WARN_COMMA = YES;
				CLANG_WARN_CONSTANT_CONVERSION = YES;
				CLANG_WARN_DEPRECATED_OBJC_IMPLEMENTATIONS = YES;
				CLANG_WARN_DIRECT_OBJC_ISA_USAGE = YES_ERROR;
				CLANG_WARN_EMPTY_BODY = YES;
				CLANG_WARN_ENUM_CONVERSION = YES;
				CLANG_WARN_INFINITE_RECURSION = YES;
				CLANG_WARN_INT_CONVERSION = YES;
				CLANG_WARN_NON_LITERAL_NULL_CONVERSION = YES;
				CLANG_WARN_OBJC_IMPLICIT_RETAIN_SELF = YES;
				CLANG_WARN_OBJC_LITERAL_CONVERSION = YES;
				CLANG_WARN_OBJC_ROOT_CLASS = YES_ERROR;
				CLANG_WARN_QUOTED_INCLUDE_IN_FRAMEWORK_HEADER = YES;
				CLANG_WARN_RANGE_LOOP_ANALYSIS = YES;
				CLANG_WARN_STRICT_PROTOTYPES = YES;
				CLANG_WARN_SUSPICIOUS_MOVE = YES;
				CLANG_WARN_UNREACHABLE_CODE = YES;
				CLANG_WARN__DUPLICATE_METHOD_MATCH = YES;
				"CODE_SIGN_IDENTITY[sdk=iphoneos*]" = "iPhone Developer";
				COPY_PHASE_STRIP = NO;
				ENABLE_STRICT_OBJC_MSGSEND = YES;
				ENABLE_TESTABILITY = YES;
				"EXCLUDED_ARCHS[sdk=iphonesimulator*]" = i386;
				GCC_C_LANGUAGE_STANDARD = gnu99;
				GCC_DYNAMIC_NO_PIC = NO;
				GCC_NO_COMMON_BLOCKS = YES;
				GCC_OPTIMIZATION_LEVEL = 0;
				GCC_PREPROCESSOR_DEFINITIONS = (
					"DEBUG=1",
					"$(inherited)",
					_LIBCPP_ENABLE_CXX17_REMOVED_UNARY_BINARY_FUNCTION,
				);
				GCC_SYMBOLS_PRIVATE_EXTERN = NO;
				GCC_WARN_64_TO_32_BIT_CONVERSION = YES;
				GCC_WARN_ABOUT_RETURN_TYPE = YES_ERROR;
				GCC_WARN_UNDECLARED_SELECTOR = YES;
				GCC_WARN_UNINITIALIZED_AUTOS = YES_AGGRESSIVE;
				GCC_WARN_UNUSED_FUNCTION = YES;
				GCC_WARN_UNUSED_VARIABLE = YES;
				IPHONEOS_DEPLOYMENT_TARGET = 11.0;
				LD_RUNPATH_SEARCH_PATHS = (
					/usr/lib/swift,
					"$(inherited)",
				);
				LIBRARY_SEARCH_PATHS = (
					"\"$(SDKROOT)/usr/lib/swift\"",
					"\"$(TOOLCHAIN_DIR)/usr/lib/swift/$(PLATFORM_NAME)\"",
					"\"$(inherited)\"",
				);
				MTL_ENABLE_DEBUG_INFO = YES;
				ONLY_ACTIVE_ARCH = YES;
				OTHER_CFLAGS = "$(inherited)";
				OTHER_CPLUSPLUSFLAGS = "$(inherited)";
				OTHER_LDFLAGS = "$(inherited)";
				REACT_NATIVE_PATH = "${PODS_ROOT}/../../node_modules/react-native";
				SDKROOT = iphoneos;
				USE_HERMES = true;
			};
			name = Debug;
		};
		83CBBA211A601CBA00E9B192 /* Release */ = {
			isa = XCBuildConfiguration;
			buildSettings = {
				ALWAYS_SEARCH_USER_PATHS = NO;
				CLANG_ANALYZER_LOCALIZABILITY_NONLOCALIZED = YES;
				CLANG_CXX_LANGUAGE_STANDARD = "c++20";
				CLANG_CXX_LIBRARY = "libc++";
				CLANG_ENABLE_MODULES = YES;
				CLANG_ENABLE_OBJC_ARC = YES;
				CLANG_WARN_BLOCK_CAPTURE_AUTORELEASING = YES;
				CLANG_WARN_BOOL_CONVERSION = YES;
				CLANG_WARN_COMMA = YES;
				CLANG_WARN_CONSTANT_CONVERSION = YES;
				CLANG_WARN_DEPRECATED_OBJC_IMPLEMENTATIONS = YES;
				CLANG_WARN_DIRECT_OBJC_ISA_USAGE = YES_ERROR;
				CLANG_WARN_EMPTY_BODY = YES;
				CLANG_WARN_ENUM_CONVERSION = YES;
				CLANG_WARN_INFINITE_RECURSION = YES;
				CLANG_WARN_INT_CONVERSION = YES;
				CLANG_WARN_NON_LITERAL_NULL_CONVERSION = YES;
				CLANG_WARN_OBJC_IMPLICIT_RETAIN_SELF = YES;
				CLANG_WARN_OBJC_LITERAL_CONVERSION = YES;
				CLANG_WARN_OBJC_ROOT_CLASS = YES_ERROR;
				CLANG_WARN_QUOTED_INCLUDE_IN_FRAMEWORK_HEADER = YES;
				CLANG_WARN_RANGE_LOOP_ANALYSIS = YES;
				CLANG_WARN_STRICT_PROTOTYPES = YES;
				CLANG_WARN_SUSPICIOUS_MOVE = YES;
				CLANG_WARN_UNREACHABLE_CODE = YES;
				CLANG_WARN__DUPLICATE_METHOD_MATCH = YES;
				"CODE_SIGN_IDENTITY[sdk=iphoneos*]" = "iPhone Developer";
				COPY_PHASE_STRIP = YES;
				ENABLE_NS_ASSERTIONS = NO;
				ENABLE_STRICT_OBJC_MSGSEND = YES;
				"EXCLUDED_ARCHS[sdk=iphonesimulator*]" = i386;
				GCC_C_LANGUAGE_STANDARD = gnu99;
				GCC_NO_COMMON_BLOCKS = YES;
				GCC_PREPROCESSOR_DEFINITIONS = (
					"$(inherited)",
					_LIBCPP_ENABLE_CXX17_REMOVED_UNARY_BINARY_FUNCTION,
				);
				GCC_WARN_64_TO_32_BIT_CONVERSION = YES;
				GCC_WARN_ABOUT_RETURN_TYPE = YES_ERROR;
				GCC_WARN_UNDECLARED_SELECTOR = YES;
				GCC_WARN_UNINITIALIZED_AUTOS = YES_AGGRESSIVE;
				GCC_WARN_UNUSED_FUNCTION = YES;
				GCC_WARN_UNUSED_VARIABLE = YES;
				IPHONEOS_DEPLOYMENT_TARGET = 11.0;
				LD_RUNPATH_SEARCH_PATHS = (
					/usr/lib/swift,
					"$(inherited)",
				);
				LIBRARY_SEARCH_PATHS = (
					"\"$(SDKROOT)/usr/lib/swift\"",
					"\"$(TOOLCHAIN_DIR)/usr/lib/swift/$(PLATFORM_NAME)\"",
					"\"$(inherited)\"",
				);
				MTL_ENABLE_DEBUG_INFO = NO;
				OTHER_CFLAGS = "$(inherited)";
				OTHER_CPLUSPLUSFLAGS = "$(inherited)";
				OTHER_LDFLAGS = "$(inherited)";
				REACT_NATIVE_PATH = "${PODS_ROOT}/../../node_modules/react-native";
				SDKROOT = iphoneos;
				USE_HERMES = true;
				VALIDATE_PRODUCT = YES;
			};
			name = Release;
		};
		A98E5EBE2A8CC8EF00CAC55D /* Debug */ = {
			isa = XCBuildConfiguration;
			buildSettings = {
				CLANG_ANALYZER_NONNULL = YES;
				CLANG_ANALYZER_NUMBER_OBJECT_CONVERSION = YES_AGGRESSIVE;
				CLANG_CXX_LANGUAGE_STANDARD = "gnu++20";
				CLANG_ENABLE_OBJC_WEAK = YES;
				CLANG_WARN_DOCUMENTATION_COMMENTS = YES;
				CLANG_WARN_UNGUARDED_AVAILABILITY = YES_AGGRESSIVE;
				CODE_SIGN_ENTITLEMENTS = CozyShare/CozyShare.entitlements;
				CODE_SIGN_STYLE = Automatic;
				CURRENT_PROJECT_VERSION = 1;
				DEBUG_INFORMATION_FORMAT = dwarf;
				DEVELOPMENT_TEAM = 3AKXFMV43J;
				GCC_C_LANGUAGE_STANDARD = gnu11;
				GENERATE_INFOPLIST_FILE = YES;
				INFOPLIST_FILE = CozyShare/Info.plist;
				INFOPLIST_KEY_CFBundleDisplayName = CozyShare;
				INFOPLIST_KEY_NSHumanReadableCopyright = "";
				IPHONEOS_DEPLOYMENT_TARGET = 11.0;
				LD_RUNPATH_SEARCH_PATHS = (
					"$(inherited)",
					"@executable_path/Frameworks",
					"@executable_path/../../Frameworks",
				);
				MARKETING_VERSION = 1.0;
				MTL_ENABLE_DEBUG_INFO = INCLUDE_SOURCE;
				MTL_FAST_MATH = YES;
				PRODUCT_BUNDLE_IDENTIFIER = io.cozy.flagship.mobile.CozyShare;
				PRODUCT_NAME = "$(TARGET_NAME)";
				SKIP_INSTALL = YES;
				SWIFT_ACTIVE_COMPILATION_CONDITIONS = DEBUG;
				SWIFT_EMIT_LOC_STRINGS = YES;
				SWIFT_OPTIMIZATION_LEVEL = "-Onone";
				SWIFT_VERSION = 5.0;
				TARGETED_DEVICE_FAMILY = "1,2";
			};
			name = Debug;
		};
		A98E5EBF2A8CC8EF00CAC55D /* Release */ = {
			isa = XCBuildConfiguration;
			buildSettings = {
				CLANG_ANALYZER_NONNULL = YES;
				CLANG_ANALYZER_NUMBER_OBJECT_CONVERSION = YES_AGGRESSIVE;
				CLANG_CXX_LANGUAGE_STANDARD = "gnu++20";
				CLANG_ENABLE_OBJC_WEAK = YES;
				CLANG_WARN_DOCUMENTATION_COMMENTS = YES;
				CLANG_WARN_UNGUARDED_AVAILABILITY = YES_AGGRESSIVE;
				CODE_SIGN_ENTITLEMENTS = CozyShare/CozyShare.entitlements;
				CODE_SIGN_STYLE = Automatic;
				COPY_PHASE_STRIP = NO;
				CURRENT_PROJECT_VERSION = 1;
				DEBUG_INFORMATION_FORMAT = "dwarf-with-dsym";
				DEVELOPMENT_TEAM = "";
				GCC_C_LANGUAGE_STANDARD = gnu11;
				GENERATE_INFOPLIST_FILE = YES;
				INFOPLIST_FILE = CozyShare/Info.plist;
				INFOPLIST_KEY_CFBundleDisplayName = CozyShare;
				INFOPLIST_KEY_NSHumanReadableCopyright = "";
				IPHONEOS_DEPLOYMENT_TARGET = 11.0;
				LD_RUNPATH_SEARCH_PATHS = (
					"$(inherited)",
					"@executable_path/Frameworks",
					"@executable_path/../../Frameworks",
				);
				MARKETING_VERSION = 1.0;
				MTL_FAST_MATH = YES;
				PRODUCT_BUNDLE_IDENTIFIER = io.cozy.flagship.mobile.CozyShare;
				PRODUCT_NAME = "$(TARGET_NAME)";
				SKIP_INSTALL = YES;
				SWIFT_COMPILATION_MODE = wholemodule;
				SWIFT_EMIT_LOC_STRINGS = YES;
				SWIFT_OPTIMIZATION_LEVEL = "-O";
				SWIFT_VERSION = 5.0;
				TARGETED_DEVICE_FAMILY = "1,2";
			};
			name = Release;
		};
		E4924ABC29963CAD00F415CE /* Debug */ = {
			isa = XCBuildConfiguration;
			baseConfigurationReference = DB7507DF32C8AE85CC054D7E /* Pods-CozyReactNative-CozyReactNativeDev.debug.xcconfig */;
			buildSettings = {
				ASSETCATALOG_COMPILER_APPICON_NAME = AppIcon;
				CLANG_ENABLE_MODULES = YES;
				CODE_SIGN_ENTITLEMENTS = CozyReactNative/CozyReactNative.entitlements;
				CURRENT_PROJECT_VERSION = 1;
				DEVELOPMENT_TEAM = 3AKXFMV43J;
				ENABLE_BITCODE = NO;
				INFOPLIST_FILE = "CozyReactNativeDev-Info.plist";
				LD_RUNPATH_SEARCH_PATHS = (
					"$(inherited)",
					"@executable_path/Frameworks",
				);
				OTHER_LDFLAGS = (
					"$(inherited)",
					"-ObjC",
					"-lc++",
				);
				PRODUCT_BUNDLE_IDENTIFIER = io.cozy.flagship.mobile;
				PRODUCT_NAME = "$(TARGET_NAME)";
				SWIFT_OBJC_BRIDGING_HEADER = "CozyReactNative-Bridging-Header.h";
				SWIFT_OPTIMIZATION_LEVEL = "-Onone";
				SWIFT_VERSION = 5.0;
				VERSIONING_SYSTEM = "apple-generic";
			};
			name = Debug;
		};
		E4924ABD29963CAD00F415CE /* Release */ = {
			isa = XCBuildConfiguration;
			baseConfigurationReference = 79997E63AEB566EB66642538 /* Pods-CozyReactNative-CozyReactNativeDev.release.xcconfig */;
			buildSettings = {
				ASSETCATALOG_COMPILER_APPICON_NAME = AppIcon;
				CLANG_ENABLE_MODULES = YES;
				CODE_SIGN_ENTITLEMENTS = CozyReactNative/CozyReactNative.entitlements;
				"CODE_SIGN_IDENTITY[sdk=iphoneos*]" = "iPhone Distribution";
				CODE_SIGN_STYLE = Manual;
				CURRENT_PROJECT_VERSION = 1;
				DEVELOPMENT_TEAM = "";
				"DEVELOPMENT_TEAM[sdk=iphoneos*]" = 3AKXFMV43J;
				INFOPLIST_FILE = "CozyReactNativeDev-Info.plist";
				LD_RUNPATH_SEARCH_PATHS = (
					"$(inherited)",
					"@executable_path/Frameworks",
				);
				OTHER_LDFLAGS = (
					"$(inherited)",
					"-ObjC",
					"-lc++",
				);
				PRODUCT_BUNDLE_IDENTIFIER = io.cozy.flagship.mobile;
				PRODUCT_NAME = "$(TARGET_NAME)";
				PROVISIONING_PROFILE_SPECIFIER = "";
				SWIFT_OBJC_BRIDGING_HEADER = "CozyReactNative-Bridging-Header.h";
				SWIFT_VERSION = 5.0;
				VERSIONING_SYSTEM = "apple-generic";
			};
			name = Release;
		};
/* End XCBuildConfiguration section */

/* Begin XCConfigurationList section */
		00E357021AD99517003FC87E /* Build configuration list for PBXNativeTarget "CozyReactNativeTests" */ = {
			isa = XCConfigurationList;
			buildConfigurations = (
				00E356F61AD99517003FC87E /* Debug */,
				00E356F71AD99517003FC87E /* Release */,
			);
			defaultConfigurationIsVisible = 0;
			defaultConfigurationName = Release;
		};
		13B07F931A680F5B00A75B9A /* Build configuration list for PBXNativeTarget "CozyReactNative" */ = {
			isa = XCConfigurationList;
			buildConfigurations = (
				13B07F941A680F5B00A75B9A /* Debug */,
				13B07F951A680F5B00A75B9A /* Release */,
			);
			defaultConfigurationIsVisible = 0;
			defaultConfigurationName = Release;
		};
		83CBB9FA1A601CBA00E9B192 /* Build configuration list for PBXProject "CozyReactNative" */ = {
			isa = XCConfigurationList;
			buildConfigurations = (
				83CBBA201A601CBA00E9B192 /* Debug */,
				83CBBA211A601CBA00E9B192 /* Release */,
			);
			defaultConfigurationIsVisible = 0;
			defaultConfigurationName = Release;
		};
		A98E5EBD2A8CC8EF00CAC55D /* Build configuration list for PBXNativeTarget "CozyShare" */ = {
			isa = XCConfigurationList;
			buildConfigurations = (
				A98E5EBE2A8CC8EF00CAC55D /* Debug */,
				A98E5EBF2A8CC8EF00CAC55D /* Release */,
			);
			defaultConfigurationIsVisible = 0;
			defaultConfigurationName = Release;
		};
		E4924ABB29963CAD00F415CE /* Build configuration list for PBXNativeTarget "CozyReactNativeDev" */ = {
			isa = XCConfigurationList;
			buildConfigurations = (
				E4924ABC29963CAD00F415CE /* Debug */,
				E4924ABD29963CAD00F415CE /* Release */,
			);
			defaultConfigurationIsVisible = 0;
			defaultConfigurationName = Release;
		};
/* End XCConfigurationList section */
	};
	rootObject = 83CBB9F71A601CBA00E9B192 /* Project object */;
}
